// !$*UTF8*$!
{
	archiveVersion = 1;
	classes = {
	};
	objectVersion = 46;
	objects = {

/* Begin PBXBuildFile section */
		421090F418299FAA00761E40 /* GameKit.framework in Frameworks */ = {isa = PBXBuildFile; fileRef = 421090F318299FAA00761E40 /* GameKit.framework */; };
		42C932C11491A0DB0098216A /* Cocoa.framework in Frameworks */ = {isa = PBXBuildFile; fileRef = 42C932C01491A0DB0098216A /* Cocoa.framework */; };
		42C932EE1491A4CB0098216A /* icon.png in Resources */ = {isa = PBXBuildFile; fileRef = 42C932ED1491A4CB0098216A /* icon.png */; };
		42C932F11491A5160098216A /* RacerGame.cpp in Sources */ = {isa = PBXBuildFile; fileRef = 42C932EF1491A5160098216A /* RacerGame.cpp */; };
		42C932F31491A53E0098216A /* res in Resources */ = {isa = PBXBuildFile; fileRef = 42C932F21491A53E0098216A /* res */; };
		42C933171491A5EB0098216A /* OpenGL.framework in Frameworks */ = {isa = PBXBuildFile; fileRef = 42C933161491A5EB0098216A /* OpenGL.framework */; };
		42C9331D1491A6750098216A /* QuartzCore.framework in Frameworks */ = {isa = PBXBuildFile; fileRef = 42C9331C1491A6750098216A /* QuartzCore.framework */; };
		42C9331F1491A67F0098216A /* OpenAL.framework in Frameworks */ = {isa = PBXBuildFile; fileRef = 42C9331E1491A67F0098216A /* OpenAL.framework */; };
		42CD5E8816ADB34000C1D49D /* Default-568h@2x.png in Resources */ = {isa = PBXBuildFile; fileRef = 42CD5E8716ADB34000C1D49D /* Default-568h@2x.png */; };
		42D604E216058F97003F3C48 /* game.pvr.config in Resources */ = {isa = PBXBuildFile; fileRef = 42D604E116058F97003F3C48 /* game.pvr.config */; };
		42DFAACF16AD8A160000F342 /* CoreMotion.framework in Frameworks */ = {isa = PBXBuildFile; fileRef = 42DFAACE16AD8A160000F342 /* CoreMotion.framework */; };
		42DFAAE216AD8B140000F342 /* Foundation.framework in Frameworks */ = {isa = PBXBuildFile; fileRef = 42DFAAE116AD8B140000F342 /* Foundation.framework */; };
		42DFAAE716AD8B330000F342 /* OpenAL.framework in Frameworks */ = {isa = PBXBuildFile; fileRef = 42DFAAE316AD8B330000F342 /* OpenAL.framework */; };
		42DFAAE816AD8B330000F342 /* OpenGLES.framework in Frameworks */ = {isa = PBXBuildFile; fileRef = 42DFAAE416AD8B330000F342 /* OpenGLES.framework */; };
		42DFAAE916AD8B330000F342 /* QuartzCore.framework in Frameworks */ = {isa = PBXBuildFile; fileRef = 42DFAAE516AD8B330000F342 /* QuartzCore.framework */; };
		42DFAAEA16AD8B330000F342 /* UIKit.framework in Frameworks */ = {isa = PBXBuildFile; fileRef = 42DFAAE616AD8B330000F342 /* UIKit.framework */; };
		435FC4151A538C36003D4E9C /* libgameplay-deps.a in Frameworks */ = {isa = PBXBuildFile; fileRef = 435FC4141A538C36003D4E9C /* libgameplay-deps.a */; };
		435FC4171A538C5A003D4E9C /* libgameplay.a in Frameworks */ = {isa = PBXBuildFile; fileRef = 435FC4161A538C5A003D4E9C /* libgameplay.a */; };
		435FC4191A5395A5003D4E9C /* libgameplay-deps.a in Frameworks */ = {isa = PBXBuildFile; fileRef = 435FC4181A5395A5003D4E9C /* libgameplay-deps.a */; };
		435FC41B1A5395F0003D4E9C /* libgameplay.a in Frameworks */ = {isa = PBXBuildFile; fileRef = 435FC41A1A5395C3003D4E9C /* libgameplay.a */; };
		5B21E9991615390D006EBEAC /* IOKit.framework in Frameworks */ = {isa = PBXBuildFile; fileRef = 5B21E9981615390D006EBEAC /* IOKit.framework */; };
		5B61611614CCC24C0073B857 /* RacerGame.cpp in Sources */ = {isa = PBXBuildFile; fileRef = 42C932EF1491A5160098216A /* RacerGame.cpp */; };
		5B61612614CCC24C0073B857 /* icon.png in Resources */ = {isa = PBXBuildFile; fileRef = 42C932ED1491A4CB0098216A /* icon.png */; };
		5B61612714CCC24C0073B857 /* res in Resources */ = {isa = PBXBuildFile; fileRef = 42C932F21491A53E0098216A /* res */; };
		6212DAAE1829D910006213DD /* GameKit.framework in Frameworks */ = {isa = PBXBuildFile; fileRef = 6212DAAD1829D910006213DD /* GameKit.framework */; };
		F188C94B15C1971F0025FC73 /* game.config in Resources */ = {isa = PBXBuildFile; fileRef = F188C94A15C1971F0025FC73 /* game.config */; };
		F1E135091607709F00351BB4 /* game.config in Resources */ = {isa = PBXBuildFile; fileRef = F188C94A15C1971F0025FC73 /* game.config */; };
/* End PBXBuildFile section */

/* Begin PBXFileReference section */
		421090F318299FAA00761E40 /* GameKit.framework */ = {isa = PBXFileReference; lastKnownFileType = wrapper.framework; name = GameKit.framework; path = Platforms/iPhoneOS.platform/Developer/SDKs/iPhoneOS.sdk/System/Library/Frameworks/GameKit.framework; sourceTree = DEVELOPER_DIR; };
		42C932BC1491A0DB0098216A /* sample-racer-macosx.app */ = {isa = PBXFileReference; explicitFileType = wrapper.application; includeInIndex = 0; path = "sample-racer-macosx.app"; sourceTree = BUILT_PRODUCTS_DIR; };
		42C932C01491A0DB0098216A /* Cocoa.framework */ = {isa = PBXFileReference; lastKnownFileType = wrapper.framework; name = Cocoa.framework; path = System/Library/Frameworks/Cocoa.framework; sourceTree = SDKROOT; };
		42C932ED1491A4CB0098216A /* icon.png */ = {isa = PBXFileReference; lastKnownFileType = image.png; path = icon.png; sourceTree = "<group>"; };
		42C932EF1491A5160098216A /* RacerGame.cpp */ = {isa = PBXFileReference; fileEncoding = 4; lastKnownFileType = sourcecode.cpp.cpp; name = RacerGame.cpp; path = src/RacerGame.cpp; sourceTree = SOURCE_ROOT; };
		42C932F01491A5160098216A /* RacerGame.h */ = {isa = PBXFileReference; fileEncoding = 4; lastKnownFileType = sourcecode.c.h; name = RacerGame.h; path = src/RacerGame.h; sourceTree = SOURCE_ROOT; };
		42C932F21491A53E0098216A /* res */ = {isa = PBXFileReference; lastKnownFileType = folder; path = res; sourceTree = "<group>"; };
		42C933161491A5EB0098216A /* OpenGL.framework */ = {isa = PBXFileReference; lastKnownFileType = wrapper.framework; name = OpenGL.framework; path = System/Library/Frameworks/OpenGL.framework; sourceTree = SDKROOT; };
		42C9331C1491A6750098216A /* QuartzCore.framework */ = {isa = PBXFileReference; lastKnownFileType = wrapper.framework; name = QuartzCore.framework; path = System/Library/Frameworks/QuartzCore.framework; sourceTree = SDKROOT; };
		42C9331E1491A67F0098216A /* OpenAL.framework */ = {isa = PBXFileReference; lastKnownFileType = wrapper.framework; name = OpenAL.framework; path = System/Library/Frameworks/OpenAL.framework; sourceTree = SDKROOT; };
		42CD5E8716ADB34000C1D49D /* Default-568h@2x.png */ = {isa = PBXFileReference; lastKnownFileType = image.png; path = "Default-568h@2x.png"; sourceTree = "<group>"; };
		42D604DE16058F89003F3C48 /* game.dxt.config */ = {isa = PBXFileReference; fileEncoding = 4; lastKnownFileType = text; path = game.dxt.config; sourceTree = "<group>"; };
		42D604E116058F97003F3C48 /* game.pvr.config */ = {isa = PBXFileReference; fileEncoding = 4; lastKnownFileType = text; path = game.pvr.config; sourceTree = "<group>"; };
		42DFAACE16AD8A160000F342 /* CoreMotion.framework */ = {isa = PBXFileReference; lastKnownFileType = wrapper.framework; name = CoreMotion.framework; path = Platforms/iPhoneOS.platform/Developer/SDKs/iPhoneOS.sdk/System/Library/Frameworks/CoreMotion.framework; sourceTree = DEVELOPER_DIR; };
		42DFAAE116AD8B140000F342 /* Foundation.framework */ = {isa = PBXFileReference; lastKnownFileType = wrapper.framework; name = Foundation.framework; path = Platforms/iPhoneOS.platform/Developer/SDKs/iPhoneOS.sdk/System/Library/Frameworks/Foundation.framework; sourceTree = DEVELOPER_DIR; };
		42DFAAE316AD8B330000F342 /* OpenAL.framework */ = {isa = PBXFileReference; lastKnownFileType = wrapper.framework; name = OpenAL.framework; path = Platforms/iPhoneOS.platform/Developer/SDKs/iPhoneOS.sdk/System/Library/Frameworks/OpenAL.framework; sourceTree = DEVELOPER_DIR; };
		42DFAAE416AD8B330000F342 /* OpenGLES.framework */ = {isa = PBXFileReference; lastKnownFileType = wrapper.framework; name = OpenGLES.framework; path = Platforms/iPhoneOS.platform/Developer/SDKs/iPhoneOS.sdk/System/Library/Frameworks/OpenGLES.framework; sourceTree = DEVELOPER_DIR; };
		42DFAAE516AD8B330000F342 /* QuartzCore.framework */ = {isa = PBXFileReference; lastKnownFileType = wrapper.framework; name = QuartzCore.framework; path = Platforms/iPhoneOS.platform/Developer/SDKs/iPhoneOS.sdk/System/Library/Frameworks/QuartzCore.framework; sourceTree = DEVELOPER_DIR; };
		42DFAAE616AD8B330000F342 /* UIKit.framework */ = {isa = PBXFileReference; lastKnownFileType = wrapper.framework; name = UIKit.framework; path = Platforms/iPhoneOS.platform/Developer/SDKs/iPhoneOS.sdk/System/Library/Frameworks/UIKit.framework; sourceTree = DEVELOPER_DIR; };
		435FC4141A538C36003D4E9C /* libgameplay-deps.a */ = {isa = PBXFileReference; lastKnownFileType = archive.ar; name = "libgameplay-deps.a"; path = "../../external-deps/libs/MacOS/x86_64/libgameplay-deps.a"; sourceTree = "<group>"; };
		435FC4161A538C5A003D4E9C /* libgameplay.a */ = {isa = PBXFileReference; lastKnownFileType = archive.ar; name = libgameplay.a; path = ../../gameplay/Build/Products/Debug/libgameplay.a; sourceTree = "<group>"; };
		435FC4181A5395A5003D4E9C /* libgameplay-deps.a */ = {isa = PBXFileReference; lastKnownFileType = archive.ar; name = "libgameplay-deps.a"; path = "../../external-deps/libs/iOS/x86/libgameplay-deps.a"; sourceTree = "<group>"; };
		435FC41A1A5395C3003D4E9C /* libgameplay.a */ = {isa = PBXFileReference; lastKnownFileType = archive.ar; name = libgameplay.a; path = "../../gameplay/Build/Products/Debug-iphoneos/libgameplay.a"; sourceTree = "<group>"; };
		5B21E9981615390D006EBEAC /* IOKit.framework */ = {isa = PBXFileReference; lastKnownFileType = wrapper.framework; name = IOKit.framework; path = System/Library/Frameworks/IOKit.framework; sourceTree = SDKROOT; };
		5B61611214CCC2200073B857 /* sample-racer-macosx.plist */ = {isa = PBXFileReference; fileEncoding = 4; lastKnownFileType = text.plist.xml; path = "sample-racer-macosx.plist"; sourceTree = "<group>"; };
		5B61612C14CCC24C0073B857 /* sample-racer-ios.app */ = {isa = PBXFileReference; explicitFileType = wrapper.application; includeInIndex = 0; path = "sample-racer-ios.app"; sourceTree = BUILT_PRODUCTS_DIR; };
		5B61612E14CCC24D0073B857 /* sample-racer-ios.plist */ = {isa = PBXFileReference; lastKnownFileType = text.plist.xml; path = "sample-racer-ios.plist"; sourceTree = "<group>"; };
		6212DAAD1829D910006213DD /* GameKit.framework */ = {isa = PBXFileReference; lastKnownFileType = wrapper.framework; name = GameKit.framework; path = System/Library/Frameworks/GameKit.framework; sourceTree = SDKROOT; };
		F188C94A15C1971F0025FC73 /* game.config */ = {isa = PBXFileReference; fileEncoding = 4; lastKnownFileType = text; path = game.config; sourceTree = "<group>"; };
/* End PBXFileReference section */

/* Begin PBXFrameworksBuildPhase section */
		42C932B91491A0DB0098216A /* Frameworks */ = {
			isa = PBXFrameworksBuildPhase;
			buildActionMask = 2147483647;
			files = (
				435FC4171A538C5A003D4E9C /* libgameplay.a in Frameworks */,
				435FC4151A538C36003D4E9C /* libgameplay-deps.a in Frameworks */,
				6212DAAE1829D910006213DD /* GameKit.framework in Frameworks */,
				5B21E9991615390D006EBEAC /* IOKit.framework in Frameworks */,
				42C932C11491A0DB0098216A /* Cocoa.framework in Frameworks */,
				42C9331D1491A6750098216A /* QuartzCore.framework in Frameworks */,
				42C933171491A5EB0098216A /* OpenGL.framework in Frameworks */,
				42C9331F1491A67F0098216A /* OpenAL.framework in Frameworks */,
			);
			runOnlyForDeploymentPostprocessing = 0;
		};
		5B61611714CCC24C0073B857 /* Frameworks */ = {
			isa = PBXFrameworksBuildPhase;
			buildActionMask = 2147483647;
			files = (
				435FC41B1A5395F0003D4E9C /* libgameplay.a in Frameworks */,
				435FC4191A5395A5003D4E9C /* libgameplay-deps.a in Frameworks */,
				42DFAACF16AD8A160000F342 /* CoreMotion.framework in Frameworks */,
				42DFAAE216AD8B140000F342 /* Foundation.framework in Frameworks */,
				42DFAAE716AD8B330000F342 /* OpenAL.framework in Frameworks */,
				421090F418299FAA00761E40 /* GameKit.framework in Frameworks */,
				42DFAAE816AD8B330000F342 /* OpenGLES.framework in Frameworks */,
				42DFAAE916AD8B330000F342 /* QuartzCore.framework in Frameworks */,
				42DFAAEA16AD8B330000F342 /* UIKit.framework in Frameworks */,
			);
			runOnlyForDeploymentPostprocessing = 0;
		};
/* End PBXFrameworksBuildPhase section */

/* Begin PBXGroup section */
		42C932B11491A0DB0098216A = {
			isa = PBXGroup;
			children = (
				42CD5E8716ADB34000C1D49D /* Default-568h@2x.png */,
				5B61611214CCC2200073B857 /* sample-racer-macosx.plist */,
				5B61612E14CCC24D0073B857 /* sample-racer-ios.plist */,
				42C932ED1491A4CB0098216A /* icon.png */,
				F188C94A15C1971F0025FC73 /* game.config */,
				42D604DE16058F89003F3C48 /* game.dxt.config */,
				42D604E116058F97003F3C48 /* game.pvr.config */,
				42C932F21491A53E0098216A /* res */,
				42C932C61491A0DB0098216A /* src */,
				42C932BF1491A0DB0098216A /* Frameworks */,
				42C932BD1491A0DB0098216A /* Products */,
			);
			sourceTree = "<group>";
		};
		42C932BD1491A0DB0098216A /* Products */ = {
			isa = PBXGroup;
			children = (
				42C932BC1491A0DB0098216A /* sample-racer-macosx.app */,
				5B61612C14CCC24C0073B857 /* sample-racer-ios.app */,
			);
			name = Products;
			sourceTree = "<group>";
		};
		42C932BF1491A0DB0098216A /* Frameworks */ = {
			isa = PBXGroup;
			children = (
				5B61613A14CCC3590073B857 /* MacOSX */,
				5B61613914CCC3560073B857 /* iOS */,
			);
			name = Frameworks;
			sourceTree = "<group>";
		};
		42C932C61491A0DB0098216A /* src */ = {
			isa = PBXGroup;
			children = (
				42C932EF1491A5160098216A /* RacerGame.cpp */,
				42C932F01491A5160098216A /* RacerGame.h */,
			);
			path = src;
			sourceTree = "<group>";
		};
		5B61613914CCC3560073B857 /* iOS */ = {
			isa = PBXGroup;
			children = (
				435FC41A1A5395C3003D4E9C /* libgameplay.a */,
				435FC4181A5395A5003D4E9C /* libgameplay-deps.a */,
				421090F318299FAA00761E40 /* GameKit.framework */,
				42DFAACE16AD8A160000F342 /* CoreMotion.framework */,
				42DFAAE116AD8B140000F342 /* Foundation.framework */,
				42DFAAE316AD8B330000F342 /* OpenAL.framework */,
				42DFAAE416AD8B330000F342 /* OpenGLES.framework */,
				42DFAAE516AD8B330000F342 /* QuartzCore.framework */,
				42DFAAE616AD8B330000F342 /* UIKit.framework */,
			);
			name = iOS;
			sourceTree = "<group>";
		};
		5B61613A14CCC3590073B857 /* MacOSX */ = {
			isa = PBXGroup;
			children = (
				435FC4161A538C5A003D4E9C /* libgameplay.a */,
				435FC4141A538C36003D4E9C /* libgameplay-deps.a */,
				6212DAAD1829D910006213DD /* GameKit.framework */,
				5B21E9981615390D006EBEAC /* IOKit.framework */,
				42C932C01491A0DB0098216A /* Cocoa.framework */,
				42C9331C1491A6750098216A /* QuartzCore.framework */,
				42C933161491A5EB0098216A /* OpenGL.framework */,
				42C9331E1491A67F0098216A /* OpenAL.framework */,
			);
			name = MacOSX;
			sourceTree = "<group>";
		};
/* End PBXGroup section */

/* Begin PBXNativeTarget section */
		42C932BB1491A0DB0098216A /* sample-racer-macosx */ = {
			isa = PBXNativeTarget;
			buildConfigurationList = 42C932DA1491A0DB0098216A /* Build configuration list for PBXNativeTarget "sample-racer-macosx" */;
			buildPhases = (
				42C932B81491A0DB0098216A /* Sources */,
				42C932B91491A0DB0098216A /* Frameworks */,
				42C933301491A7B50098216A /* ShellScript */,
				42C932BA1491A0DB0098216A /* Resources */,
			);
			buildRules = (
			);
			dependencies = (
			);
			name = "sample-racer-macosx";
			productName = "sample-racer";
			productReference = 42C932BC1491A0DB0098216A /* sample-racer-macosx.app */;
			productType = "com.apple.product-type.application";
		};
		5B61611414CCC24C0073B857 /* sample-racer-ios */ = {
			isa = PBXNativeTarget;
			buildConfigurationList = 5B61612914CCC24C0073B857 /* Build configuration list for PBXNativeTarget "sample-racer-ios" */;
			buildPhases = (
				5B61611514CCC24C0073B857 /* Sources */,
				5B61611714CCC24C0073B857 /* Frameworks */,
				5B61612414CCC24C0073B857 /* ShellScript */,
				5B61612514CCC24C0073B857 /* Resources */,
			);
			buildRules = (
			);
			dependencies = (
			);
			name = "sample-racer-ios";
			productName = "sample-racer";
			productReference = 5B61612C14CCC24C0073B857 /* sample-racer-ios.app */;
			productType = "com.apple.product-type.application";
		};
/* End PBXNativeTarget section */

/* Begin PBXProject section */
		42C932B31491A0DB0098216A /* Project object */ = {
			isa = PBXProject;
			attributes = {
				LastUpgradeCheck = 0600;
			};
			buildConfigurationList = 42C932B61491A0DB0098216A /* Build configuration list for PBXProject "sample-racer" */;
			compatibilityVersion = "Xcode 3.2";
			developmentRegion = English;
			hasScannedForEncodings = 0;
			knownRegions = (
				en,
			);
			mainGroup = 42C932B11491A0DB0098216A;
			productRefGroup = 42C932BD1491A0DB0098216A /* Products */;
			projectDirPath = "";
			projectRoot = "";
			targets = (
				42C932BB1491A0DB0098216A /* sample-racer-macosx */,
				5B61611414CCC24C0073B857 /* sample-racer-ios */,
			);
		};
/* End PBXProject section */

/* Begin PBXResourcesBuildPhase section */
		42C932BA1491A0DB0098216A /* Resources */ = {
			isa = PBXResourcesBuildPhase;
			buildActionMask = 2147483647;
			files = (
				42C932EE1491A4CB0098216A /* icon.png in Resources */,
				F188C94B15C1971F0025FC73 /* game.config in Resources */,
				42C932F31491A53E0098216A /* res in Resources */,
			);
			runOnlyForDeploymentPostprocessing = 0;
		};
		5B61612514CCC24C0073B857 /* Resources */ = {
			isa = PBXResourcesBuildPhase;
			buildActionMask = 2147483647;
			files = (
				5B61612614CCC24C0073B857 /* icon.png in Resources */,
				5B61612714CCC24C0073B857 /* res in Resources */,
				F1E135091607709F00351BB4 /* game.config in Resources */,
				42D604E216058F97003F3C48 /* game.pvr.config in Resources */,
				42CD5E8816ADB34000C1D49D /* Default-568h@2x.png in Resources */,
			);
			runOnlyForDeploymentPostprocessing = 0;
		};
/* End PBXResourcesBuildPhase section */

/* Begin PBXShellScriptBuildPhase section */
		42C933301491A7B50098216A /* ShellScript */ = {
			isa = PBXShellScriptBuildPhase;
			buildActionMask = 2147483647;
			files = (
			);
			inputPaths = (
			);
			outputPaths = (
			);
			runOnlyForDeploymentPostprocessing = 0;
			shellPath = /bin/sh;
			shellScript = "rsync -rau ${SRCROOT}/../../gameplay/res/shaders ${SRCROOT}/res\nrsync -rau ${SRCROOT}/../../gameplay/res/ui ${SRCROOT}/res\ncp -rf ${SRCROOT}/../../gameplay/res/logo_powered_white.png ${SRCROOT}/res\ncp -rf ${SRCROOT}/game.dxt.config ${SRCROOT}/game.config\ntouch -cm ${SRCROOT}/res";
		};
		5B61612414CCC24C0073B857 /* ShellScript */ = {
			isa = PBXShellScriptBuildPhase;
			buildActionMask = 2147483647;
			files = (
			);
			inputPaths = (
			);
			outputPaths = (
			);
			runOnlyForDeploymentPostprocessing = 0;
			shellPath = /bin/sh;
			shellScript = "rsync -rau ${SRCROOT}/../../gameplay/res/shaders ${SRCROOT}/res\nrsync -rau ${SRCROOT}/../../gameplay/res/ui ${SRCROOT}/res\ncp -rf ${SRCROOT}/../../gameplay/res/logo_powered_white.png ${SRCROOT}/res\ncp -rf ${SRCROOT}/game.pvr.config ${SRCROOT}/game.config\ntouch -cm ${SRCROOT}/res";
		};
/* End PBXShellScriptBuildPhase section */

/* Begin PBXSourcesBuildPhase section */
		42C932B81491A0DB0098216A /* Sources */ = {
			isa = PBXSourcesBuildPhase;
			buildActionMask = 2147483647;
			files = (
				42C932F11491A5160098216A /* RacerGame.cpp in Sources */,
			);
			runOnlyForDeploymentPostprocessing = 0;
		};
		5B61611514CCC24C0073B857 /* Sources */ = {
			isa = PBXSourcesBuildPhase;
			buildActionMask = 2147483647;
			files = (
				5B61611614CCC24C0073B857 /* RacerGame.cpp in Sources */,
			);
			runOnlyForDeploymentPostprocessing = 0;
		};
/* End PBXSourcesBuildPhase section */

/* Begin XCBuildConfiguration section */
		42C932D81491A0DB0098216A /* Debug */ = {
			isa = XCBuildConfiguration;
			buildSettings = {
				ALWAYS_SEARCH_USER_PATHS = NO;
				CLANG_WARN_BOOL_CONVERSION = YES;
				CLANG_WARN_CONSTANT_CONVERSION = YES;
				CLANG_WARN_EMPTY_BODY = YES;
				CLANG_WARN_ENUM_CONVERSION = YES;
				CLANG_WARN_INT_CONVERSION = YES;
				CLANG_WARN_UNREACHABLE_CODE = YES;
				CLANG_WARN__DUPLICATE_METHOD_MATCH = YES;
				COPY_PHASE_STRIP = NO;
				ENABLE_STRICT_OBJC_MSGSEND = YES;
				GCC_C_LANGUAGE_STANDARD = gnu99;
				GCC_DYNAMIC_NO_PIC = NO;
				GCC_ENABLE_OBJC_EXCEPTIONS = YES;
				GCC_OPTIMIZATION_LEVEL = 0;
				GCC_PREPROCESSOR_DEFINITIONS = (
					"DEBUG=1",
					"$(inherited)",
				);
				GCC_SYMBOLS_PRIVATE_EXTERN = NO;
				GCC_VERSION = com.apple.compilers.llvm.clang.1_0;
				GCC_WARN_64_TO_32_BIT_CONVERSION = YES;
				GCC_WARN_ABOUT_MISSING_PROTOTYPES = YES;
				GCC_WARN_ABOUT_RETURN_TYPE = YES;
				GCC_WARN_CHECK_SWITCH_STATEMENTS = NO;
				GCC_WARN_UNDECLARED_SELECTOR = YES;
				GCC_WARN_UNINITIALIZED_AUTOS = YES;
				GCC_WARN_UNUSED_FUNCTION = YES;
				GCC_WARN_UNUSED_VARIABLE = YES;
				GENERATE_PKGINFO_FILE = YES;
				INFOPLIST_FILE = "sample-racer-macosx.plist";
				MACOSX_DEPLOYMENT_TARGET = 10.9;
				ONLY_ACTIVE_ARCH = YES;
				PRODUCT_NAME = "$(TARGET_NAME)";
				SDKROOT = macosx;
				VALID_ARCHS = "armv7 armv7s arm64 i386 x86_64";
			};
			name = Debug;
		};
		42C932D91491A0DB0098216A /* Release */ = {
			isa = XCBuildConfiguration;
			buildSettings = {
				ALWAYS_SEARCH_USER_PATHS = NO;
				CLANG_WARN_BOOL_CONVERSION = YES;
				CLANG_WARN_CONSTANT_CONVERSION = YES;
				CLANG_WARN_EMPTY_BODY = YES;
				CLANG_WARN_ENUM_CONVERSION = YES;
				CLANG_WARN_INT_CONVERSION = YES;
				CLANG_WARN_UNREACHABLE_CODE = YES;
				CLANG_WARN__DUPLICATE_METHOD_MATCH = YES;
				COPY_PHASE_STRIP = YES;
				DEBUG_INFORMATION_FORMAT = "dwarf-with-dsym";
				ENABLE_STRICT_OBJC_MSGSEND = YES;
				GCC_C_LANGUAGE_STANDARD = gnu99;
				GCC_ENABLE_OBJC_EXCEPTIONS = YES;
				GCC_VERSION = com.apple.compilers.llvm.clang.1_0;
				GCC_WARN_64_TO_32_BIT_CONVERSION = YES;
				GCC_WARN_ABOUT_MISSING_PROTOTYPES = YES;
				GCC_WARN_ABOUT_RETURN_TYPE = YES;
				GCC_WARN_CHECK_SWITCH_STATEMENTS = NO;
				GCC_WARN_UNDECLARED_SELECTOR = YES;
				GCC_WARN_UNINITIALIZED_AUTOS = YES;
				GCC_WARN_UNUSED_FUNCTION = YES;
				GCC_WARN_UNUSED_VARIABLE = YES;
				GENERATE_PKGINFO_FILE = YES;
				INFOPLIST_FILE = "sample-racer-macosx.plist";
				MACOSX_DEPLOYMENT_TARGET = 10.9;
				PRODUCT_NAME = "$(TARGET_NAME)";
				SDKROOT = macosx;
				VALID_ARCHS = "armv7 armv7s arm64 i386 x86_64";
			};
			name = Release;
		};
		42C932DB1491A0DB0098216A /* Debug */ = {
			isa = XCBuildConfiguration;
			buildSettings = {
				CLANG_CXX_LANGUAGE_STANDARD = "c++0x";
				CLANG_CXX_LIBRARY = "libc++";
				COMBINE_HIDPI_IMAGES = YES;
				GCC_PRECOMPILE_PREFIX_HEADER = NO;
				GCC_WARN_64_TO_32_BIT_CONVERSION = NO;
				GCC_WARN_UNUSED_VARIABLE = NO;
				HEADER_SEARCH_PATHS = (
					../../gameplay/src,
					"../../external-deps/include",
				);
				INFOPLIST_FILE = "sample-racer-macosx.plist";
				LIBRARY_SEARCH_PATHS = (
					"$(inherited)",
					"../../external-deps/lib/macosx/x86_64",
				);
				MACOSX_DEPLOYMENT_TARGET = 10.7;
				PRODUCT_NAME = "$(TARGET_NAME)";
				USER_HEADER_SEARCH_PATHS = "";
				VALID_ARCHS = x86_64;
				WRAPPER_EXTENSION = app;
			};
			name = Debug;
		};
		42C932DC1491A0DB0098216A /* Release */ = {
			isa = XCBuildConfiguration;
			buildSettings = {
				CLANG_CXX_LANGUAGE_STANDARD = "c++0x";
				CLANG_CXX_LIBRARY = "libc++";
				COMBINE_HIDPI_IMAGES = YES;
				GCC_PRECOMPILE_PREFIX_HEADER = NO;
				GCC_WARN_64_TO_32_BIT_CONVERSION = NO;
				GCC_WARN_UNUSED_VARIABLE = NO;
				HEADER_SEARCH_PATHS = (
					../../gameplay/src,
					"../../external-deps/include",
				);
				INFOPLIST_FILE = "sample-racer-macosx.plist";
				LIBRARY_SEARCH_PATHS = (
					"$(inherited)",
					"../../external-deps/lib/macosx/x86_64",
				);
				MACOSX_DEPLOYMENT_TARGET = 10.7;
				PRODUCT_NAME = "$(TARGET_NAME)";
				USER_HEADER_SEARCH_PATHS = "";
				VALID_ARCHS = x86_64;
				WRAPPER_EXTENSION = app;
			};
			name = Release;
		};
		5B61612A14CCC24C0073B857 /* Debug */ = {
			isa = XCBuildConfiguration;
			buildSettings = {
				CLANG_CXX_LANGUAGE_STANDARD = "c++0x";
				CLANG_CXX_LIBRARY = "libc++";
				CODE_SIGN_IDENTITY = "iPhone Developer";
				GCC_PRECOMPILE_PREFIX_HEADER = NO;
				GCC_WARN_64_TO_32_BIT_CONVERSION = NO;
				GCC_WARN_UNUSED_VARIABLE = NO;
				HEADER_SEARCH_PATHS = (
					../../gameplay/src,
					"../../external-deps/include",
				);
				INFOPLIST_FILE = "sample-racer-ios.plist";
				IPHONEOS_DEPLOYMENT_TARGET = 7.1;
				LIBRARY_SEARCH_PATHS = "$(inherited)";
				"OTHER_LDFLAGS[sdk=iphoneos*]" = "-L../../external-deps/lib/ios/arm";
				"OTHER_LDFLAGS[sdk=iphonesimulator*]" = "-L../../external-deps/lib/ios/x86";
				SDKROOT = iphoneos;
				TARGETED_DEVICE_FAMILY = "1,2";
				USER_HEADER_SEARCH_PATHS = "";
				VALID_ARCHS = "armv7 armv7s arm64";
				WRAPPER_EXTENSION = app;
			};
			name = Debug;
		};
		5B61612B14CCC24C0073B857 /* Release */ = {
			isa = XCBuildConfiguration;
			buildSettings = {
				CLANG_CXX_LANGUAGE_STANDARD = "c++0x";
				CLANG_CXX_LIBRARY = "libc++";
				CODE_SIGN_IDENTITY = "iPhone Distribution";
				GCC_PRECOMPILE_PREFIX_HEADER = NO;
				GCC_WARN_64_TO_32_BIT_CONVERSION = NO;
				GCC_WARN_UNUSED_VARIABLE = NO;
				HEADER_SEARCH_PATHS = (
					../../gameplay/src,
					"../../external-deps/include",
				);
				INFOPLIST_FILE = "sample-racer-ios.plist";
				IPHONEOS_DEPLOYMENT_TARGET = 7.1;
				LIBRARY_SEARCH_PATHS = "$(inherited)";
				PROVISIONING_PROFILE = "";
				SDKROOT = iphoneos;
				TARGETED_DEVICE_FAMILY = "1,2";
				USER_HEADER_SEARCH_PATHS = "";
				VALID_ARCHS = "armv7 armv7s arm64";
				WRAPPER_EXTENSION = app;
			};
			name = Release;
		};
/* End XCBuildConfiguration section */

/* Begin XCConfigurationList section */
		42C932B61491A0DB0098216A /* Build configuration list for PBXProject "sample-racer" */ = {
			isa = XCConfigurationList;
			buildConfigurations = (
				42C932D81491A0DB0098216A /* Debug */,
				42C932D91491A0DB0098216A /* Release */,
			);
			defaultConfigurationIsVisible = 0;
			defaultConfigurationName = Release;
		};
		42C932DA1491A0DB0098216A /* Build configuration list for PBXNativeTarget "sample-racer-macosx" */ = {
			isa = XCConfigurationList;
			buildConfigurations = (
				42C932DB1491A0DB0098216A /* Debug */,
				42C932DC1491A0DB0098216A /* Release */,
			);
			defaultConfigurationIsVisible = 0;
			defaultConfigurationName = Release;
		};
		5B61612914CCC24C0073B857 /* Build configuration list for PBXNativeTarget "sample-racer-ios" */ = {
			isa = XCConfigurationList;
			buildConfigurations = (
				5B61612A14CCC24C0073B857 /* Debug */,
				5B61612B14CCC24C0073B857 /* Release */,
			);
			defaultConfigurationIsVisible = 0;
			defaultConfigurationName = Release;
		};
/* End XCConfigurationList section */
	};
	rootObject = 42C932B31491A0DB0098216A /* Project object */;
}
