// !$*UTF8*$!
{
	archiveVersion = 1;
	classes = {
	};
	objectVersion = 46;
	objects = {

/* Begin PBXBuildFile section */
		4217006314697FF100A45C02 /* Cocoa.framework in Frameworks */ = {isa = PBXBuildFile; fileRef = 4217006214697FF100A45C02 /* Cocoa.framework */; };
		4220A6E5146B121000CAEB3A /* QuartzCore.framework in Frameworks */ = {isa = PBXBuildFile; fileRef = 4220A6E4146B121000CAEB3A /* QuartzCore.framework */; };
		42A3C5DE146C96640091C1E4 /* res in Resources */ = {isa = PBXBuildFile; fileRef = 42A3C5DD146C96640091C1E4 /* res */; };
		42A3C5E4146CB7420091C1E4 /* libpng.a in Frameworks */ = {isa = PBXBuildFile; fileRef = 42A3C5E3146CB7420091C1E4 /* libpng.a */; };
		42A3C5E6146CB7690091C1E4 /* libz.dylib in Frameworks */ = {isa = PBXBuildFile; fileRef = 42A3C5E5146CB7690091C1E4 /* libz.dylib */; };
		42BBCD34146C89F900D2A5F8 /* MeshGame.cpp in Sources */ = {isa = PBXBuildFile; fileRef = 42BBCD32146C89F900D2A5F8 /* MeshGame.cpp */; };
		42CCD4B4146D914B00353661 /* icon.png in Resources */ = {isa = PBXBuildFile; fileRef = 42CCD4B3146D914B00353661 /* icon.png */; };
		42F68AA21469CBEE00E0E3C4 /* libgameplay.a in Frameworks */ = {isa = PBXBuildFile; fileRef = 42F68AA11469CBEE00E0E3C4 /* libgameplay.a */; };
		42F68AA71469CDE100E0E3C4 /* OpenAL.framework in Frameworks */ = {isa = PBXBuildFile; fileRef = 42F68AA51469CDE100E0E3C4 /* OpenAL.framework */; };
		42F68AA81469CDE100E0E3C4 /* OpenGL.framework in Frameworks */ = {isa = PBXBuildFile; fileRef = 42F68AA61469CDE100E0E3C4 /* OpenGL.framework */; };
/* End PBXBuildFile section */

/* Begin PBXFileReference section */
		4217005E14697FF100A45C02 /* sample00-mesh.app */ = {isa = PBXFileReference; explicitFileType = wrapper.application; includeInIndex = 0; path = "sample00-mesh.app"; sourceTree = BUILT_PRODUCTS_DIR; };
		4217006214697FF100A45C02 /* Cocoa.framework */ = {isa = PBXFileReference; lastKnownFileType = wrapper.framework; name = Cocoa.framework; path = System/Library/Frameworks/Cocoa.framework; sourceTree = SDKROOT; };
		4220A6E4146B121000CAEB3A /* QuartzCore.framework */ = {isa = PBXFileReference; lastKnownFileType = wrapper.framework; name = QuartzCore.framework; path = System/Library/Frameworks/QuartzCore.framework; sourceTree = SDKROOT; };
		42A3C5DD146C96640091C1E4 /* res */ = {isa = PBXFileReference; lastKnownFileType = folder; path = res; sourceTree = "<group>"; };
		42A3C5E3146CB7420091C1E4 /* libpng.a */ = {isa = PBXFileReference; lastKnownFileType = archive.ar; name = libpng.a; path = "../../external-deps/libpng/lib/macos/libpng.a"; sourceTree = "<group>"; };
		42A3C5E5146CB7690091C1E4 /* libz.dylib */ = {isa = PBXFileReference; lastKnownFileType = "compiled.mach-o.dylib"; name = libz.dylib; path = usr/lib/libz.dylib; sourceTree = SDKROOT; };
		42BBCD32146C89F900D2A5F8 /* MeshGame.cpp */ = {isa = PBXFileReference; fileEncoding = 4; lastKnownFileType = sourcecode.cpp.cpp; name = MeshGame.cpp; path = src/MeshGame.cpp; sourceTree = SOURCE_ROOT; };
		42BBCD33146C89F900D2A5F8 /* MeshGame.h */ = {isa = PBXFileReference; fileEncoding = 4; lastKnownFileType = sourcecode.c.h; name = MeshGame.h; path = src/MeshGame.h; sourceTree = SOURCE_ROOT; };
		42CCD4B3146D914B00353661 /* icon.png */ = {isa = PBXFileReference; lastKnownFileType = image.png; path = icon.png; sourceTree = "<group>"; };
		42F68AA11469CBEE00E0E3C4 /* libgameplay.a */ = {isa = PBXFileReference; lastKnownFileType = archive.ar; name = libgameplay.a; path = "../../../../../Library/Developer/Xcode/DerivedData/gameplay-dlmrkofumohcdicgwoccmyysfdmq/Build/Products/Debug/libgameplay.a"; sourceTree = "<group>"; };
		42F68AA31469CC3000E0E3C4 /* sample00-mesh-macos.plist */ = {isa = PBXFileReference; fileEncoding = 4; lastKnownFileType = text.plist.xml; path = "sample00-mesh-macos.plist"; sourceTree = SOURCE_ROOT; };
		42F68AA51469CDE100E0E3C4 /* OpenAL.framework */ = {isa = PBXFileReference; lastKnownFileType = wrapper.framework; name = OpenAL.framework; path = System/Library/Frameworks/OpenAL.framework; sourceTree = SDKROOT; };
		42F68AA61469CDE100E0E3C4 /* OpenGL.framework */ = {isa = PBXFileReference; lastKnownFileType = wrapper.framework; name = OpenGL.framework; path = System/Library/Frameworks/OpenGL.framework; sourceTree = SDKROOT; };
/* End PBXFileReference section */

/* Begin PBXFrameworksBuildPhase section */
		4217005B14697FF100A45C02 /* Frameworks */ = {
			isa = PBXFrameworksBuildPhase;
			buildActionMask = 2147483647;
			files = (
				42F68AA21469CBEE00E0E3C4 /* libgameplay.a in Frameworks */,
				42A3C5E4146CB7420091C1E4 /* libpng.a in Frameworks */,
				42A3C5E6146CB7690091C1E4 /* libz.dylib in Frameworks */,
				4217006314697FF100A45C02 /* Cocoa.framework in Frameworks */,
				4220A6E5146B121000CAEB3A /* QuartzCore.framework in Frameworks */,
				42F68AA81469CDE100E0E3C4 /* OpenGL.framework in Frameworks */,
				42F68AA71469CDE100E0E3C4 /* OpenAL.framework in Frameworks */,
			);
			runOnlyForDeploymentPostprocessing = 0;
		};
/* End PBXFrameworksBuildPhase section */

/* Begin PBXGroup section */
		4217005314697FF100A45C02 = {
			isa = PBXGroup;
			children = (
				42CCD4B3146D914B00353661 /* icon.png */,
				42F68AA11469CBEE00E0E3C4 /* libgameplay.a */,
				42A3C5E3146CB7420091C1E4 /* libpng.a */,
				42A3C5E5146CB7690091C1E4 /* libz.dylib */,
				42A3C5DD146C96640091C1E4 /* res */,
				4217006814697FF100A45C02 /* sample00-mesh */,
				42CCD4B1146D814F00353661 /* Frameworks */,
				4217005F14697FF100A45C02 /* Products */,
			);
			sourceTree = "<group>";
		};
		4217005F14697FF100A45C02 /* Products */ = {
			isa = PBXGroup;
			children = (
				4217005E14697FF100A45C02 /* sample00-mesh.app */,
			);
			name = Products;
			sourceTree = "<group>";
		};
		4217006814697FF100A45C02 /* sample00-mesh */ = {
			isa = PBXGroup;
			children = (
				42F68AA31469CC3000E0E3C4 /* sample00-mesh-macos.plist */,
				42BBCD32146C89F900D2A5F8 /* MeshGame.cpp */,
				42BBCD33146C89F900D2A5F8 /* MeshGame.h */,
			);
			path = "sample00-mesh";
			sourceTree = "<group>";
		};
		42CCD4B1146D814F00353661 /* Frameworks */ = {
			isa = PBXGroup;
			children = (
				4217006214697FF100A45C02 /* Cocoa.framework */,
				4220A6E4146B121000CAEB3A /* QuartzCore.framework */,
				42F68AA61469CDE100E0E3C4 /* OpenGL.framework */,
				42F68AA51469CDE100E0E3C4 /* OpenAL.framework */,
			);
			name = Frameworks;
			sourceTree = "<group>";
		};
/* End PBXGroup section */

/* Begin PBXNativeTarget section */
		4217005D14697FF100A45C02 /* sample00-mesh */ = {
			isa = PBXNativeTarget;
			buildConfigurationList = 4217007C14697FF200A45C02 /* Build configuration list for PBXNativeTarget "sample00-mesh" */;
			buildPhases = (
				4217005A14697FF100A45C02 /* Sources */,
				4217005B14697FF100A45C02 /* Frameworks */,
				422446691471626D0021F131 /* ShellScript */,
				4217005C14697FF100A45C02 /* Resources */,
			);
			buildRules = (
			);
			dependencies = (
			);
			name = "sample00-mesh";
			productName = "sample00-mesh";
			productReference = 4217005E14697FF100A45C02 /* sample00-mesh.app */;
			productType = "com.apple.product-type.application";
		};
/* End PBXNativeTarget section */

/* Begin PBXProject section */
		4217005514697FF100A45C02 /* Project object */ = {
			isa = PBXProject;
			attributes = {
				LastUpgradeCheck = 0420;
			};
			buildConfigurationList = 4217005814697FF100A45C02 /* Build configuration list for PBXProject "sample00-mesh" */;
			compatibilityVersion = "Xcode 3.2";
			developmentRegion = English;
			hasScannedForEncodings = 0;
			knownRegions = (
				en,
			);
			mainGroup = 4217005314697FF100A45C02;
			productRefGroup = 4217005F14697FF100A45C02 /* Products */;
			projectDirPath = "";
			projectRoot = "";
			targets = (
				4217005D14697FF100A45C02 /* sample00-mesh */,
			);
		};
/* End PBXProject section */

/* Begin PBXResourcesBuildPhase section */
		4217005C14697FF100A45C02 /* Resources */ = {
			isa = PBXResourcesBuildPhase;
			buildActionMask = 2147483647;
			files = (
				42A3C5DE146C96640091C1E4 /* res in Resources */,
				42CCD4B4146D914B00353661 /* icon.png in Resources */,
			);
			runOnlyForDeploymentPostprocessing = 0;
		};
/* End PBXResourcesBuildPhase section */

/* Begin PBXShellScriptBuildPhase section */
		422446691471626D0021F131 /* ShellScript */ = {
			isa = PBXShellScriptBuildPhase;
			buildActionMask = 2147483647;
			files = (
			);
			inputPaths = (
			);
			outputPaths = (
			);
			runOnlyForDeploymentPostprocessing = 0;
			shellPath = /bin/sh;
			shellScript = "cp -rn ${SRCROOT}/../../gameplay/res/shaders ${SRCROOT}/res\ntouch -cm ${SRCROOT}/res";
		};
/* End PBXShellScriptBuildPhase section */

/* Begin PBXSourcesBuildPhase section */
		4217005A14697FF100A45C02 /* Sources */ = {
			isa = PBXSourcesBuildPhase;
			buildActionMask = 2147483647;
			files = (
				42BBCD34146C89F900D2A5F8 /* MeshGame.cpp in Sources */,
			);
			runOnlyForDeploymentPostprocessing = 0;
		};
/* End PBXSourcesBuildPhase section */

/* Begin XCBuildConfiguration section */
		4217007A14697FF200A45C02 /* Debug */ = {
			isa = XCBuildConfiguration;
			buildSettings = {
				ALWAYS_SEARCH_USER_PATHS = NO;
				ARCHS = "$(ARCHS_STANDARD_64_BIT)";
				COPY_PHASE_STRIP = NO;
				GCC_C_LANGUAGE_STANDARD = gnu99;
				GCC_DYNAMIC_NO_PIC = NO;
				GCC_ENABLE_OBJC_EXCEPTIONS = YES;
				GCC_OPTIMIZATION_LEVEL = 0;
				GCC_PREPROCESSOR_DEFINITIONS = (
					"DEBUG=1",
					"$(inherited)",
				);
				GCC_SYMBOLS_PRIVATE_EXTERN = NO;
				GCC_VERSION = com.apple.compilers.llvm.clang.1_0;
				GCC_WARN_64_TO_32_BIT_CONVERSION = YES;
				GCC_WARN_ABOUT_MISSING_PROTOTYPES = YES;
				GCC_WARN_ABOUT_RETURN_TYPE = YES;
				GCC_WARN_UNUSED_VARIABLE = YES;
				MACOSX_DEPLOYMENT_TARGET = 10.7;
				ONLY_ACTIVE_ARCH = YES;
				PRECOMPS_INCLUDE_HEADERS_FROM_BUILT_PRODUCTS_DIR = NO;
				SDKROOT = macosx;
				SHARED_PRECOMPS_DIR = "";
			};
			name = Debug;
		};
		4217007B14697FF200A45C02 /* Release */ = {
			isa = XCBuildConfiguration;
			buildSettings = {
				ALWAYS_SEARCH_USER_PATHS = NO;
				ARCHS = "$(ARCHS_STANDARD_64_BIT)";
				COPY_PHASE_STRIP = YES;
				DEBUG_INFORMATION_FORMAT = "dwarf-with-dsym";
				GCC_C_LANGUAGE_STANDARD = gnu99;
				GCC_ENABLE_OBJC_EXCEPTIONS = YES;
				GCC_VERSION = com.apple.compilers.llvm.clang.1_0;
				GCC_WARN_64_TO_32_BIT_CONVERSION = YES;
				GCC_WARN_ABOUT_MISSING_PROTOTYPES = YES;
				GCC_WARN_ABOUT_RETURN_TYPE = YES;
				GCC_WARN_UNUSED_VARIABLE = YES;
				MACOSX_DEPLOYMENT_TARGET = 10.7;
				PRECOMPS_INCLUDE_HEADERS_FROM_BUILT_PRODUCTS_DIR = NO;
				SDKROOT = macosx;
				SHARED_PRECOMPS_DIR = "";
			};
			name = Release;
		};
		4217007D14697FF200A45C02 /* Debug */ = {
			isa = XCBuildConfiguration;
			buildSettings = {
				ARCHS = "$(ARCHS_STANDARD_32_BIT)";
				ENABLE_OPENMP_SUPPORT = NO;
				FRAMEWORK_SEARCH_PATHS = "$(inherited)";
				GCC_PRECOMPILE_PREFIX_HEADER = NO;
				GCC_PREFIX_HEADER = "";
				HEADER_SEARCH_PATHS = (
					../../gameplay/src,
					"../../external-deps/libpng/include",
				);
				INFOPLIST_FILE = "sample00-mesh-macos.plist";
				LIBRARY_SEARCH_PATHS = (
					"$(inherited)",
					"\"$(SRCROOT)/../../external-deps/libpng/lib/macos\"",
				);
				PRODUCT_NAME = "$(TARGET_NAME)";
				SHARED_PRECOMPS_DIR = "";
				USER_HEADER_SEARCH_PATHS = "";
				WRAPPER_EXTENSION = app;
			};
			name = Debug;
		};
		4217007E14697FF200A45C02 /* Release */ = {
			isa = XCBuildConfiguration;
			buildSettings = {
				ARCHS = "$(ARCHS_STANDARD_32_BIT)";
				ENABLE_OPENMP_SUPPORT = NO;
				FRAMEWORK_SEARCH_PATHS = "$(inherited)";
				GCC_PRECOMPILE_PREFIX_HEADER = NO;
				GCC_PREFIX_HEADER = "";
				HEADER_SEARCH_PATHS = (
					../../gameplay/src,
					"../../external-deps/libpng/include",
				);
				INFOPLIST_FILE = "sample00-mesh-macos.plist";
				LIBRARY_SEARCH_PATHS = (
					"$(inherited)",
					"\"$(SRCROOT)/../../external-deps/libpng/lib/macos\"",
				);
				PRODUCT_NAME = "$(TARGET_NAME)";
				SHARED_PRECOMPS_DIR = "";
				USER_HEADER_SEARCH_PATHS = "";
				WRAPPER_EXTENSION = app;
			};
			name = Release;
		};
/* End XCBuildConfiguration section */

/* Begin XCConfigurationList section */
		4217005814697FF100A45C02 /* Build configuration list for PBXProject "sample00-mesh" */ = {
			isa = XCConfigurationList;
			buildConfigurations = (
				4217007A14697FF200A45C02 /* Debug */,
				4217007B14697FF200A45C02 /* Release */,
			);
			defaultConfigurationIsVisible = 0;
			defaultConfigurationName = Release;
		};
		4217007C14697FF200A45C02 /* Build configuration list for PBXNativeTarget "sample00-mesh" */ = {
			isa = XCConfigurationList;
			buildConfigurations = (
				4217007D14697FF200A45C02 /* Debug */,
				4217007E14697FF200A45C02 /* Release */,
			);
			defaultConfigurationIsVisible = 0;
			defaultConfigurationName = Release;
		};
/* End XCConfigurationList section */
	};
	rootObject = 4217005514697FF100A45C02 /* Project object */;
}
