<?xml version="1.0" encoding="utf-8"?>
<Project ToolsVersion="4.0" xmlns="http://schemas.microsoft.com/developer/msbuild/2003">
  <ItemGroup>
    <Filter Include="res">
    </Filter>
    <Filter Include="src">
    </Filter>
    <Filter Include="config">
      <UniqueIdentifier>{e9cd44da-992f-4483-8fec-0eb7f7d982d6}</UniqueIdentifier>
    </Filter>
  </ItemGroup>
  <ItemGroup>
    <None Include="icon.png" />
    <None Include="bar-descriptor.xml" />
    <None Include="res\common\game.physics">
      <Filter>res</Filter>
    </None>
    <None Include="res\common\game.scene">
      <Filter>res</Filter>
    </None>
    <None Include="res\common\gamepad.form">
      <Filter>res</Filter>
    </None>
    <None Include="res\common\gamepad.theme">
      <Filter>res</Filter>
    </None>
    <None Include="res\common\game.lua">
      <Filter>res</Filter>
    </None>
    <None Include="res\common\game.material">
      <Filter>res</Filter>
    </None>
    <None Include="game.atc.config">
      <Filter>config</Filter>
    </None>
    <None Include="game.dxt.config">
      <Filter>config</Filter>
    </None>
    <None Include="game.png.config">
      <Filter>config</Filter>
    </None>
    <None Include="game.pvr.config">
      <Filter>config</Filter>
    </None>
    <None Include="res\common\menu.form">
      <Filter>res</Filter>
    </None>
    <None Include="res\common\menu.png">
      <Filter>res</Filter>
    </None>
    <None Include="res\common\menu.theme">
      <Filter>res</Filter>
    </None>
  </ItemGroup>
  <ItemGroup>
    <ClInclude Include="src\RacerGame.h">
      <Filter>src</Filter>
    </ClInclude>
  </ItemGroup>
  <ItemGroup>
    <ClCompile Include="src\RacerGame.cpp">
      <Filter>src</Filter>
    </ClCompile>
  </ItemGroup>
</Project>