// !$*UTF8*$!
{
	archiveVersion = 1;
	classes = {
	};
	objectVersion = 48;
	objects = {

/* Begin PBXBuildFile section */
		426A9A251F85DCD900E89904 /* App.cpp in Sources */ = {isa = PBXBuildFile; fileRef = 426A9A221F85DCD800E89904 /* App.cpp */; };
		426A9A271F85DCD900E89904 /* main.mm in Sources */ = {isa = PBXBuildFile; fileRef = 426A9A241F85DCD800E89904 /* main.mm */; };
		426A9A3B1F85DFFC00E89904 /* Cocoa.framework in Frameworks */ = {isa = PBXBuildFile; fileRef = 426A9A3A1F85DFFC00E89904 /* Cocoa.framework */; };
		426A9A3D1F85E00800E89904 /* Foundation.framework in Frameworks */ = {isa = PBXBuildFile; fileRef = 426A9A3C1F85E00800E89904 /* Foundation.framework */; };
		426A9A3F1F85E01D00E89904 /* OpenAL.framework in Frameworks */ = {isa = PBXBuildFile; fileRef = 426A9A3E1F85E01D00E89904 /* OpenAL.framework */; };
		426A9A411F85E03000E89904 /* Metal.framework in Frameworks */ = {isa = PBXBuildFile; fileRef = 426A9A401F85E03000E89904 /* Metal.framework */; };
		426A9A431F85E04800E89904 /* MetalKit.framework in Frameworks */ = {isa = PBXBuildFile; fileRef = 426A9A421F85E04800E89904 /* MetalKit.framework */; };
		426A9A451F85E05400E89904 /* IOKit.framework in Frameworks */ = {isa = PBXBuildFile; fileRef = 426A9A441F85E05400E89904 /* IOKit.framework */; };
		426A9A471F85E06000E89904 /* GameKit.framework in Frameworks */ = {isa = PBXBuildFile; fileRef = 426A9A461F85E06000E89904 /* GameKit.framework */; };
		426A9A491F85E06A00E89904 /* GameController.framework in Frameworks */ = {isa = PBXBuildFile; fileRef = 426A9A481F85E06A00E89904 /* GameController.framework */; };
		426A9A4F1F85E1AE00E89904 /* libgameplay-deps.a in Frameworks */ = {isa = PBXBuildFile; fileRef = 426A9A4E1F85E1AE00E89904 /* libgameplay-deps.a */; };
		426A9A661F85F4F900E89904 /* libgameplay.a in Frameworks */ = {isa = PBXBuildFile; fileRef = 426A9A641F85ECE400E89904 /* libgameplay.a */; };
/* End PBXBuildFile section */

/* Begin PBXFileReference section */
		426A98F81F85CFB100E89904 /* gameplay-app.app */ = {isa = PBXFileReference; explicitFileType = wrapper.application; includeInIndex = 0; path = "gameplay-app.app"; sourceTree = BUILT_PRODUCTS_DIR; };
		426A990D1F85CFFE00E89904 /* Info.plist */ = {isa = PBXFileReference; fileEncoding = 4; lastKnownFileType = text.plist.xml; path = Info.plist; sourceTree = "<group>"; };
		426A990F1F85CFFF00E89904 /* gameplay-app.entitlements */ = {isa = PBXFileReference; fileEncoding = 4; lastKnownFileType = text.plist.entitlements; path = "gameplay-app.entitlements"; sourceTree = "<group>"; };
		426A9A211F85DCD800E89904 /* App.h */ = {isa = PBXFileReference; fileEncoding = 4; lastKnownFileType = sourcecode.c.h; name = App.h; path = src/App.h; sourceTree = "<group>"; };
		426A9A221F85DCD800E89904 /* App.cpp */ = {isa = PBXFileReference; fileEncoding = 4; lastKnownFileType = sourcecode.cpp.cpp; name = App.cpp; path = src/App.cpp; sourceTree = "<group>"; };
		426A9A241F85DCD800E89904 /* main.mm */ = {isa = PBXFileReference; fileEncoding = 4; lastKnownFileType = sourcecode.cpp.objcpp; name = main.mm; path = src/main.mm; sourceTree = "<group>"; };
		426A9A311F85DE1E00E89904 /* Metal.framework */ = {isa = PBXFileReference; lastKnownFileType = wrapper.framework; name = Metal.framework; path = Platforms/MacOSX.platform/Developer/SDKs/MacOSX.sdk/System/Library/Frameworks/Metal.framework; sourceTree = DEVELOPER_DIR; };
		426A9A321F85DE1E00E89904 /* Cocoa.framework */ = {isa = PBXFileReference; lastKnownFileType = wrapper.framework; name = Cocoa.framework; path = Platforms/MacOSX.platform/Developer/SDKs/MacOSX.sdk/System/Library/Frameworks/Cocoa.framework; sourceTree = DEVELOPER_DIR; };
		426A9A331F85DE1E00E89904 /* GameKit.framework */ = {isa = PBXFileReference; lastKnownFileType = wrapper.framework; name = GameKit.framework; path = Platforms/MacOSX.platform/Developer/SDKs/MacOSX.sdk/System/Library/Frameworks/GameKit.framework; sourceTree = DEVELOPER_DIR; };
		426A9A341F85DE1E00E89904 /* MetalKit.framework */ = {isa = PBXFileReference; lastKnownFileType = wrapper.framework; name = MetalKit.framework; path = Platforms/MacOSX.platform/Developer/SDKs/MacOSX.sdk/System/Library/Frameworks/MetalKit.framework; sourceTree = DEVELOPER_DIR; };
		426A9A351F85DE1E00E89904 /* Foundation.framework */ = {isa = PBXFileReference; lastKnownFileType = wrapper.framework; name = Foundation.framework; path = Platforms/MacOSX.platform/Developer/SDKs/MacOSX.sdk/System/Library/Frameworks/Foundation.framework; sourceTree = DEVELOPER_DIR; };
		426A9A361F85DE1E00E89904 /* GameController.framework */ = {isa = PBXFileReference; lastKnownFileType = wrapper.framework; name = GameController.framework; path = Platforms/MacOSX.platform/Developer/SDKs/MacOSX.sdk/System/Library/Frameworks/GameController.framework; sourceTree = DEVELOPER_DIR; };
		426A9A371F85DE1E00E89904 /* IOKit.framework */ = {isa = PBXFileReference; lastKnownFileType = wrapper.framework; name = IOKit.framework; path = Platforms/MacOSX.platform/Developer/SDKs/MacOSX.sdk/System/Library/Frameworks/IOKit.framework; sourceTree = DEVELOPER_DIR; };
		426A9A381F85DE1E00E89904 /* OpenAL.framework */ = {isa = PBXFileReference; lastKnownFileType = wrapper.framework; name = OpenAL.framework; path = Platforms/MacOSX.platform/Developer/SDKs/MacOSX.sdk/System/Library/Frameworks/OpenAL.framework; sourceTree = DEVELOPER_DIR; };
		426A9A3A1F85DFFC00E89904 /* Cocoa.framework */ = {isa = PBXFileReference; lastKnownFileType = wrapper.framework; name = Cocoa.framework; path = System/Library/Frameworks/Cocoa.framework; sourceTree = SDKROOT; };
		426A9A3C1F85E00800E89904 /* Foundation.framework */ = {isa = PBXFileReference; lastKnownFileType = wrapper.framework; name = Foundation.framework; path = System/Library/Frameworks/Foundation.framework; sourceTree = SDKROOT; };
		426A9A3E1F85E01D00E89904 /* OpenAL.framework */ = {isa = PBXFileReference; lastKnownFileType = wrapper.framework; name = OpenAL.framework; path = System/Library/Frameworks/OpenAL.framework; sourceTree = SDKROOT; };
		426A9A401F85E03000E89904 /* Metal.framework */ = {isa = PBXFileReference; lastKnownFileType = wrapper.framework; name = Metal.framework; path = System/Library/Frameworks/Metal.framework; sourceTree = SDKROOT; };
		426A9A421F85E04800E89904 /* MetalKit.framework */ = {isa = PBXFileReference; lastKnownFileType = wrapper.framework; name = MetalKit.framework; path = System/Library/Frameworks/MetalKit.framework; sourceTree = SDKROOT; };
		426A9A441F85E05400E89904 /* IOKit.framework */ = {isa = PBXFileReference; lastKnownFileType = wrapper.framework; name = IOKit.framework; path = System/Library/Frameworks/IOKit.framework; sourceTree = SDKROOT; };
		426A9A461F85E06000E89904 /* GameKit.framework */ = {isa = PBXFileReference; lastKnownFileType = wrapper.framework; name = GameKit.framework; path = System/Library/Frameworks/GameKit.framework; sourceTree = SDKROOT; };
		426A9A481F85E06A00E89904 /* GameController.framework */ = {isa = PBXFileReference; lastKnownFileType = wrapper.framework; name = GameController.framework; path = System/Library/Frameworks/GameController.framework; sourceTree = SDKROOT; };
		426A9A4E1F85E1AE00E89904 /* libgameplay-deps.a */ = {isa = PBXFileReference; lastKnownFileType = archive.ar; name = "libgameplay-deps.a"; path = "../external-deps/lib/macos/x86_64/libgameplay-deps.a"; sourceTree = "<group>"; };
		426A9A501F85E1C200E89904 /* libgameplay-deps.a */ = {isa = PBXFileReference; lastKnownFileType = archive.ar; name = "libgameplay-deps.a"; path = "../external-deps/lib/macos/x86_64/libgameplay-deps.a"; sourceTree = "<group>"; };
		426A9A641F85ECE400E89904 /* libgameplay.a */ = {isa = PBXFileReference; lastKnownFileType = archive.ar; name = libgameplay.a; path = ../gameplay/Debug/libgameplay.a; sourceTree = "<group>"; };
		426A9A671F85F50B00E89904 /* libgameplay.a */ = {isa = PBXFileReference; lastKnownFileType = archive.ar; name = libgameplay.a; path = ../gameplay/Debug/libgameplay.a; sourceTree = "<group>"; };
/* End PBXFileReference section */

/* Begin PBXFrameworksBuildPhase section */
		426A98F51F85CFB100E89904 /* Frameworks */ = {
			isa = PBXFrameworksBuildPhase;
			buildActionMask = 2147483647;
			files = (
				426A9A661F85F4F900E89904 /* libgameplay.a in Frameworks */,
				426A9A491F85E06A00E89904 /* GameController.framework in Frameworks */,
				426A9A471F85E06000E89904 /* GameKit.framework in Frameworks */,
				426A9A451F85E05400E89904 /* IOKit.framework in Frameworks */,
				426A9A431F85E04800E89904 /* MetalKit.framework in Frameworks */,
				426A9A411F85E03000E89904 /* Metal.framework in Frameworks */,
				426A9A3F1F85E01D00E89904 /* OpenAL.framework in Frameworks */,
				426A9A3B1F85DFFC00E89904 /* Cocoa.framework in Frameworks */,
				426A9A3D1F85E00800E89904 /* Foundation.framework in Frameworks */,
				426A9A4F1F85E1AE00E89904 /* libgameplay-deps.a in Frameworks */,
			);
			runOnlyForDeploymentPostprocessing = 0;
		};
/* End PBXFrameworksBuildPhase section */

/* Begin PBXGroup section */
		426A98EF1F85CFB100E89904 = {
			isa = PBXGroup;
			children = (
				426A9A281F85DCE400E89904 /* lib */,
				426A9A201F85DCCC00E89904 /* src */,
				426A990F1F85CFFF00E89904 /* gameplay-app.entitlements */,
				426A990D1F85CFFE00E89904 /* Info.plist */,
				426A98F91F85CFB100E89904 /* Products */,
				426A9A391F85DFFC00E89904 /* Frameworks */,
			);
			sourceTree = "<group>";
		};
		426A98F91F85CFB100E89904 /* Products */ = {
			isa = PBXGroup;
			children = (
				426A98F81F85CFB100E89904 /* gameplay-app.app */,
			);
			name = Products;
			sourceTree = "<group>";
		};
		426A9A201F85DCCC00E89904 /* src */ = {
			isa = PBXGroup;
			children = (
				426A9A221F85DCD800E89904 /* App.cpp */,
				426A9A211F85DCD800E89904 /* App.h */,
				426A9A241F85DCD800E89904 /* main.mm */,
			);
			name = src;
			sourceTree = "<group>";
		};
		426A9A281F85DCE400E89904 /* lib */ = {
			isa = PBXGroup;
			children = (
				426A9A361F85DE1E00E89904 /* GameController.framework */,
				426A9A331F85DE1E00E89904 /* GameKit.framework */,
				426A9A371F85DE1E00E89904 /* IOKit.framework */,
				426A9A341F85DE1E00E89904 /* MetalKit.framework */,
				426A9A311F85DE1E00E89904 /* Metal.framework */,
				426A9A381F85DE1E00E89904 /* OpenAL.framework */,
				426A9A321F85DE1E00E89904 /* Cocoa.framework */,
				426A9A351F85DE1E00E89904 /* Foundation.framework */,
				426A9A501F85E1C200E89904 /* libgameplay-deps.a */,
				426A9A641F85ECE400E89904 /* libgameplay.a */,
			);
			name = lib;
			sourceTree = "<group>";
		};
		426A9A391F85DFFC00E89904 /* Frameworks */ = {
			isa = PBXGroup;
			children = (
				426A9A671F85F50B00E89904 /* libgameplay.a */,
				426A9A4E1F85E1AE00E89904 /* libgameplay-deps.a */,
				426A9A481F85E06A00E89904 /* GameController.framework */,
				426A9A461F85E06000E89904 /* GameKit.framework */,
				426A9A441F85E05400E89904 /* IOKit.framework */,
				426A9A421F85E04800E89904 /* MetalKit.framework */,
				426A9A401F85E03000E89904 /* Metal.framework */,
				426A9A3E1F85E01D00E89904 /* OpenAL.framework */,
				426A9A3C1F85E00800E89904 /* Foundation.framework */,
				426A9A3A1F85DFFC00E89904 /* Cocoa.framework */,
			);
			name = Frameworks;
			sourceTree = "<group>";
		};
/* End PBXGroup section */

/* Begin PBXNativeTarget section */
		426A98F71F85CFB100E89904 /* gameplay-app */ = {
			isa = PBXNativeTarget;
			buildConfigurationList = 426A99091F85CFB100E89904 /* Build configuration list for PBXNativeTarget "gameplay-app" */;
			buildPhases = (
				426A98F41F85CFB100E89904 /* Sources */,
				426A98F51F85CFB100E89904 /* Frameworks */,
				426A98F61F85CFB100E89904 /* Resources */,
			);
			buildRules = (
			);
			dependencies = (
			);
			name = "gameplay-app";
			productName = "gameplay-app";
			productReference = 426A98F81F85CFB100E89904 /* gameplay-app.app */;
			productType = "com.apple.product-type.application";
		};
/* End PBXNativeTarget section */

/* Begin PBXProject section */
		426A98F01F85CFB100E89904 /* Project object */ = {
			isa = PBXProject;
			attributes = {
				LastUpgradeCheck = 0910;
				ORGANIZATIONNAME = gameplay3d;
				TargetAttributes = {
					426A98F71F85CFB100E89904 = {
						CreatedOnToolsVersion = 9.0;
						ProvisioningStyle = Automatic;
					};
				};
			};
			buildConfigurationList = 426A98F31F85CFB100E89904 /* Build configuration list for PBXProject "gameplay-app" */;
			compatibilityVersion = "Xcode 8.0";
			developmentRegion = en;
			hasScannedForEncodings = 0;
			knownRegions = (
				en,
				Base,
			);
			mainGroup = 426A98EF1F85CFB100E89904;
			productRefGroup = 426A98F91F85CFB100E89904 /* Products */;
			projectDirPath = "";
			projectRoot = "";
			targets = (
				426A98F71F85CFB100E89904 /* gameplay-app */,
			);
		};
/* End PBXProject section */

/* Begin PBXResourcesBuildPhase section */
		426A98F61F85CFB100E89904 /* Resources */ = {
			isa = PBXResourcesBuildPhase;
			buildActionMask = 2147483647;
			files = (
			);
			runOnlyForDeploymentPostprocessing = 0;
		};
/* End PBXResourcesBuildPhase section */

/* Begin PBXSourcesBuildPhase section */
		426A98F41F85CFB100E89904 /* Sources */ = {
			isa = PBXSourcesBuildPhase;
			buildActionMask = 2147483647;
			files = (
				426A9A271F85DCD900E89904 /* main.mm in Sources */,
				426A9A251F85DCD900E89904 /* App.cpp in Sources */,
			);
			runOnlyForDeploymentPostprocessing = 0;
		};
/* End PBXSourcesBuildPhase section */

/* Begin XCBuildConfiguration section */
		426A99071F85CFB100E89904 /* Debug */ = {
			isa = XCBuildConfiguration;
			buildSettings = {
				ALWAYS_SEARCH_USER_PATHS = NO;
				CLANG_ANALYZER_NONNULL = YES;
				CLANG_ANALYZER_NUMBER_OBJECT_CONVERSION = YES_AGGRESSIVE;
				CLANG_CXX_LANGUAGE_STANDARD = "gnu++14";
				CLANG_CXX_LIBRARY = "libc++";
				CLANG_ENABLE_MODULES = YES;
				CLANG_ENABLE_OBJC_ARC = YES;
				CLANG_WARN_BLOCK_CAPTURE_AUTORELEASING = YES;
				CLANG_WARN_BOOL_CONVERSION = YES;
				CLANG_WARN_COMMA = YES;
				CLANG_WARN_CONSTANT_CONVERSION = YES;
				CLANG_WARN_DIRECT_OBJC_ISA_USAGE = YES_ERROR;
				CLANG_WARN_DOCUMENTATION_COMMENTS = YES;
				CLANG_WARN_EMPTY_BODY = YES;
				CLANG_WARN_ENUM_CONVERSION = YES;
				CLANG_WARN_INFINITE_RECURSION = YES;
				CLANG_WARN_INT_CONVERSION = YES;
				CLANG_WARN_NON_LITERAL_NULL_CONVERSION = YES;
				CLANG_WARN_OBJC_LITERAL_CONVERSION = YES;
				CLANG_WARN_OBJC_ROOT_CLASS = YES_ERROR;
				CLANG_WARN_RANGE_LOOP_ANALYSIS = YES;
				CLANG_WARN_STRICT_PROTOTYPES = YES;
				CLANG_WARN_SUSPICIOUS_MOVE = YES;
				CLANG_WARN_UNGUARDED_AVAILABILITY = YES_AGGRESSIVE;
				CLANG_WARN_UNREACHABLE_CODE = YES;
				CLANG_WARN__DUPLICATE_METHOD_MATCH = YES;
				CODE_SIGN_IDENTITY = "-";
				COPY_PHASE_STRIP = NO;
				DEBUG_INFORMATION_FORMAT = dwarf;
				ENABLE_STRICT_OBJC_MSGSEND = YES;
				ENABLE_TESTABILITY = YES;
				GCC_C_LANGUAGE_STANDARD = gnu11;
				GCC_DYNAMIC_NO_PIC = NO;
				GCC_NO_COMMON_BLOCKS = YES;
				GCC_OPTIMIZATION_LEVEL = 0;
				GCC_PREPROCESSOR_DEFINITIONS = (
					"DEBUG=1",
					"$(inherited)",
				);
				GCC_WARN_64_TO_32_BIT_CONVERSION = YES;
				GCC_WARN_ABOUT_RETURN_TYPE = YES_ERROR;
				GCC_WARN_UNDECLARED_SELECTOR = YES;
				GCC_WARN_UNINITIALIZED_AUTOS = YES_AGGRESSIVE;
				GCC_WARN_UNUSED_FUNCTION = YES;
				GCC_WARN_UNUSED_VARIABLE = YES;
				MACOSX_DEPLOYMENT_TARGET = 10.13;
				MTL_ENABLE_DEBUG_INFO = YES;
				ONLY_ACTIVE_ARCH = YES;
				SDKROOT = macosx;
			};
			name = Debug;
		};
		426A99081F85CFB100E89904 /* Release */ = {
			isa = XCBuildConfiguration;
			buildSettings = {
				ALWAYS_SEARCH_USER_PATHS = NO;
				CLANG_ANALYZER_NONNULL = YES;
				CLANG_ANALYZER_NUMBER_OBJECT_CONVERSION = YES_AGGRESSIVE;
				CLANG_CXX_LANGUAGE_STANDARD = "gnu++14";
				CLANG_CXX_LIBRARY = "libc++";
				CLANG_ENABLE_MODULES = YES;
				CLANG_ENABLE_OBJC_ARC = YES;
				CLANG_WARN_BLOCK_CAPTURE_AUTORELEASING = YES;
				CLANG_WARN_BOOL_CONVERSION = YES;
				CLANG_WARN_COMMA = YES;
				CLANG_WARN_CONSTANT_CONVERSION = YES;
				CLANG_WARN_DIRECT_OBJC_ISA_USAGE = YES_ERROR;
				CLANG_WARN_DOCUMENTATION_COMMENTS = YES;
				CLANG_WARN_EMPTY_BODY = YES;
				CLANG_WARN_ENUM_CONVERSION = YES;
				CLANG_WARN_INFINITE_RECURSION = YES;
				CLANG_WARN_INT_CONVERSION = YES;
				CLANG_WARN_NON_LITERAL_NULL_CONVERSION = YES;
				CLANG_WARN_OBJC_LITERAL_CONVERSION = YES;
				CLANG_WARN_OBJC_ROOT_CLASS = YES_ERROR;
				CLANG_WARN_RANGE_LOOP_ANALYSIS = YES;
				CLANG_WARN_STRICT_PROTOTYPES = YES;
				CLANG_WARN_SUSPICIOUS_MOVE = YES;
				CLANG_WARN_UNGUARDED_AVAILABILITY = YES_AGGRESSIVE;
				CLANG_WARN_UNREACHABLE_CODE = YES;
				CLANG_WARN__DUPLICATE_METHOD_MATCH = YES;
				CODE_SIGN_IDENTITY = "-";
				COPY_PHASE_STRIP = NO;
				DEBUG_INFORMATION_FORMAT = "dwarf-with-dsym";
				ENABLE_NS_ASSERTIONS = NO;
				ENABLE_STRICT_OBJC_MSGSEND = YES;
				GCC_C_LANGUAGE_STANDARD = gnu11;
				GCC_NO_COMMON_BLOCKS = YES;
				GCC_WARN_64_TO_32_BIT_CONVERSION = YES;
				GCC_WARN_ABOUT_RETURN_TYPE = YES_ERROR;
				GCC_WARN_UNDECLARED_SELECTOR = YES;
				GCC_WARN_UNINITIALIZED_AUTOS = YES_AGGRESSIVE;
				GCC_WARN_UNUSED_FUNCTION = YES;
				GCC_WARN_UNUSED_VARIABLE = YES;
				MACOSX_DEPLOYMENT_TARGET = 10.13;
				MTL_ENABLE_DEBUG_INFO = NO;
				SDKROOT = macosx;
			};
			name = Release;
		};
		426A990A1F85CFB100E89904 /* Debug */ = {
			isa = XCBuildConfiguration;
			buildSettings = {
				CLANG_CXX_LANGUAGE_STANDARD = "c++0x";
				CODE_SIGN_ENTITLEMENTS = "gameplay-app.entitlements";
				CODE_SIGN_STYLE = Automatic;
				COMBINE_HIDPI_IMAGES = YES;
				CONFIGURATION_TEMP_DIR = "$(PROJECT_TEMP_DIR)/$(CONFIGURATION)$(EFFECTIVE_PLATFORM_NAME)";
				FRAMEWORK_SEARCH_PATHS = "";
				HEADER_SEARCH_PATHS = (
					../gameplay/src,
					../gameplay/src/mtl,
					"../external-deps/include",
				);
				INFOPLIST_FILE = Info.plist;
				LD_RUNPATH_SEARCH_PATHS = "$(inherited) @executable_path/../Frameworks";
				LIBRARY_SEARCH_PATHS = (
					"../external-deps/lib/macos/x86_64",
					../gameplay/Debug,
				);
				OTHER_CPLUSPLUSFLAGS = "$(OTHER_CFLAGS)";
				PRODUCT_BUNDLE_IDENTIFIER = "io.gameplay3d.gameplay-app";
				PRODUCT_NAME = "$(TARGET_NAME)";
			};
			name = Debug;
		};
		426A990B1F85CFB100E89904 /* Release */ = {
			isa = XCBuildConfiguration;
			buildSettings = {
				CLANG_CXX_LANGUAGE_STANDARD = "c++0x";
				CODE_SIGN_ENTITLEMENTS = "gameplay-app.entitlements";
				CODE_SIGN_STYLE = Automatic;
				COMBINE_HIDPI_IMAGES = YES;
				FRAMEWORK_SEARCH_PATHS = "";
				HEADER_SEARCH_PATHS = (
					../gameplay/src,
					../gameplay/src/mtl,
					"../external-deps/include",
				);
				INFOPLIST_FILE = Info.plist;
				LD_RUNPATH_SEARCH_PATHS = "$(inherited) @executable_path/../Frameworks";
				LIBRARY_SEARCH_PATHS = (
					"../external-deps/lib/macos/x86_64",
					../gameplay/Release,
				);
				OTHER_CPLUSPLUSFLAGS = "$(OTHER_CFLAGS)";
				PRODUCT_BUNDLE_IDENTIFIER = "io.gameplay3d.gameplay-app";
				PRODUCT_NAME = "$(TARGET_NAME)";
			};
			name = Release;
		};
/* End XCBuildConfiguration section */

/* Begin XCConfigurationList section */
		426A98F31F85CFB100E89904 /* Build configuration list for PBXProject "gameplay-app" */ = {
			isa = XCConfigurationList;
			buildConfigurations = (
				426A99071F85CFB100E89904 /* Debug */,
				426A99081F85CFB100E89904 /* Release */,
			);
			defaultConfigurationIsVisible = 0;
			defaultConfigurationName = Release;
		};
		426A99091F85CFB100E89904 /* Build configuration list for PBXNativeTarget "gameplay-app" */ = {
			isa = XCConfigurationList;
			buildConfigurations = (
				426A990A1F85CFB100E89904 /* Debug */,
				426A990B1F85CFB100E89904 /* Release */,
			);
			defaultConfigurationIsVisible = 0;
			defaultConfigurationName = Release;
		};
/* End XCConfigurationList section */
	};
	rootObject = 426A98F01F85CFB100E89904 /* Project object */;
}
