// !$*UTF8*$!
{
	archiveVersion = 1;
	classes = {
	};
	objectVersion = 46;
	objects = {

/* Begin PBXBuildFile section */
		424CC035161FCB5B00577827 /* IOKit.framework in Frameworks */ = {isa = PBXBuildFile; fileRef = 424CC034161FCB5B00577827 /* IOKit.framework */; };
		4284B8F616ADA63500FB52B4 /* Default-568h@2x.png in Resources */ = {isa = PBXBuildFile; fileRef = 4284B8F516ADA63500FB52B4 /* Default-568h@2x.png */; };
		4284B8FA16ADA7BF00FB52B4 /* libpng.a in Frameworks */ = {isa = PBXBuildFile; fileRef = 4284B8F916ADA7BF00FB52B4 /* libpng.a */; };
		4284B8FB16ADA7C900FB52B4 /* libbullet.a in Frameworks */ = {isa = PBXBuildFile; fileRef = 42DFAB4716AD8E540000F342 /* libbullet.a */; };
		4284B8FD16ADA7DF00FB52B4 /* libgameplay.a in Frameworks */ = {isa = PBXBuildFile; fileRef = 4284B8FC16ADA7DF00FB52B4 /* libgameplay.a */; };
		4284B8FF16ADA7F400FB52B4 /* libgameplay.a in Frameworks */ = {isa = PBXBuildFile; fileRef = 4284B8FE16ADA7F400FB52B4 /* libgameplay.a */; };
		4284B90016ADA80700FB52B4 /* liblua.a in Frameworks */ = {isa = PBXBuildFile; fileRef = F1F6195C16A7205B00C4FEA1 /* liblua.a */; };
		4284B90116ADA80E00FB52B4 /* libogg.a in Frameworks */ = {isa = PBXBuildFile; fileRef = 42DFAB8216AD8FE90000F342 /* libogg.a */; };
		4284B90216ADA81100FB52B4 /* libvorbis.a in Frameworks */ = {isa = PBXBuildFile; fileRef = 42DFAB8316AD8FE90000F342 /* libvorbis.a */; };
		4284B90316ADA81500FB52B4 /* libvorbisenc.a in Frameworks */ = {isa = PBXBuildFile; fileRef = 42DFAB8416AD8FE90000F342 /* libvorbisenc.a */; };
		4284B90416ADA81800FB52B4 /* libvorbisfile.a in Frameworks */ = {isa = PBXBuildFile; fileRef = 42DFAB8516AD8FE90000F342 /* libvorbisfile.a */; };
		4284B90516ADA81B00FB52B4 /* libz.dylib in Frameworks */ = {isa = PBXBuildFile; fileRef = 42DFAB2F16AD8CA20000F342 /* libz.dylib */; };
		4284B90616ADA88600FB52B4 /* CoreMotion.framework in Frameworks */ = {isa = PBXBuildFile; fileRef = 42DFAAC316AD89B80000F342 /* CoreMotion.framework */; };
		42B7026015B0A8D5002BB8C3 /* liblua.a in Frameworks */ = {isa = PBXBuildFile; fileRef = 42B7025F15B0A8D5002BB8C3 /* liblua.a */; };
		42B7026F15B0B202002BB8C3 /* game.config in Resources */ = {isa = PBXBuildFile; fileRef = 42B7026E15B0B202002BB8C3 /* game.config */; };
		42B7027015B0B202002BB8C3 /* game.config in Resources */ = {isa = PBXBuildFile; fileRef = 42B7026E15B0B202002BB8C3 /* game.config */; };
		42CCD51B146EBF3600353661 /* Cocoa.framework in Frameworks */ = {isa = PBXBuildFile; fileRef = 42CCD51A146EBF3600353661 /* Cocoa.framework */; };
		42CCD549146EC0AE00353661 /* SpaceshipGame.cpp in Sources */ = {isa = PBXBuildFile; fileRef = 42CCD547146EC0AE00353661 /* SpaceshipGame.cpp */; };
		42CCD54B146EC10200353661 /* QuartzCore.framework in Frameworks */ = {isa = PBXBuildFile; fileRef = 42CCD54A146EC10200353661 /* QuartzCore.framework */; };
		42CCD54D146EC10E00353661 /* OpenAL.framework in Frameworks */ = {isa = PBXBuildFile; fileRef = 42CCD54C146EC10E00353661 /* OpenAL.framework */; };
		42CCD54F146EC11600353661 /* OpenGL.framework in Frameworks */ = {isa = PBXBuildFile; fileRef = 42CCD54E146EC11600353661 /* OpenGL.framework */; };
		42CCD558146EC22900353661 /* libz.dylib in Frameworks */ = {isa = PBXBuildFile; fileRef = 42CCD557146EC22900353661 /* libz.dylib */; };
		42CCD55A146EC23C00353661 /* libpng.a in Frameworks */ = {isa = PBXBuildFile; fileRef = 42CCD559146EC23C00353661 /* libpng.a */; };
		42CCD55E146EC24F00353661 /* icon.png in Resources */ = {isa = PBXBuildFile; fileRef = 42CCD55D146EC24F00353661 /* icon.png */; };
		42CCD560146EC27A00353661 /* res in Resources */ = {isa = PBXBuildFile; fileRef = 42CCD55F146EC27A00353661 /* res */; };
		42CD0EF3147D932B0000361E /* libbullet.a in Frameworks */ = {isa = PBXBuildFile; fileRef = 42CD0EEE147D932B0000361E /* libbullet.a */; };
		42CD0EF4147D932B0000361E /* libogg.a in Frameworks */ = {isa = PBXBuildFile; fileRef = 42CD0EEF147D932B0000361E /* libogg.a */; };
		42CD0EF5147D932B0000361E /* libvorbis.a in Frameworks */ = {isa = PBXBuildFile; fileRef = 42CD0EF0147D932B0000361E /* libvorbis.a */; };
		42CD0EF6147D932B0000361E /* libvorbisenc.a in Frameworks */ = {isa = PBXBuildFile; fileRef = 42CD0EF1147D932B0000361E /* libvorbisenc.a */; };
		42CD0EF7147D932B0000361E /* libvorbisfile.a in Frameworks */ = {isa = PBXBuildFile; fileRef = 42CD0EF2147D932B0000361E /* libvorbisfile.a */; };
		42DFAADA16AD8AD00000F342 /* Foundation.framework in Frameworks */ = {isa = PBXBuildFile; fileRef = 42DFAAD916AD8AD00000F342 /* Foundation.framework */; };
		42DFAB0716AD8B840000F342 /* OpenAL.framework in Frameworks */ = {isa = PBXBuildFile; fileRef = 42DFAB0316AD8B840000F342 /* OpenAL.framework */; };
		42DFAB0816AD8B840000F342 /* OpenGLES.framework in Frameworks */ = {isa = PBXBuildFile; fileRef = 42DFAB0416AD8B840000F342 /* OpenGLES.framework */; };
		42DFAB0916AD8B840000F342 /* QuartzCore.framework in Frameworks */ = {isa = PBXBuildFile; fileRef = 42DFAB0516AD8B840000F342 /* QuartzCore.framework */; };
		42DFAB0A16AD8B840000F342 /* UIKit.framework in Frameworks */ = {isa = PBXBuildFile; fileRef = 42DFAB0616AD8B840000F342 /* UIKit.framework */; };
		5B43D19F14C35A0E008A5D9D /* SpaceshipGame.cpp in Sources */ = {isa = PBXBuildFile; fileRef = 42CCD547146EC0AE00353661 /* SpaceshipGame.cpp */; };
		5B43D1AF14C35A0E008A5D9D /* icon.png in Resources */ = {isa = PBXBuildFile; fileRef = 42CCD55D146EC24F00353661 /* icon.png */; };
		5B43D1B014C35A0E008A5D9D /* res in Resources */ = {isa = PBXBuildFile; fileRef = 42CCD55F146EC27A00353661 /* res */; };
/* End PBXBuildFile section */

/* Begin PBXFileReference section */
		42458CBA14C3AB4D00EFFB61 /* sample-spaceship-ios.plist */ = {isa = PBXFileReference; fileEncoding = 4; lastKnownFileType = text.plist.xml; path = "sample-spaceship-ios.plist"; sourceTree = "<group>"; };
		424CC034161FCB5B00577827 /* IOKit.framework */ = {isa = PBXFileReference; lastKnownFileType = wrapper.framework; name = IOKit.framework; path = System/Library/Frameworks/IOKit.framework; sourceTree = SDKROOT; };
		4284B8F516ADA63500FB52B4 /* Default-568h@2x.png */ = {isa = PBXFileReference; lastKnownFileType = image.png; path = "Default-568h@2x.png"; sourceTree = "<group>"; };
		4284B8F916ADA7BF00FB52B4 /* libpng.a */ = {isa = PBXFileReference; lastKnownFileType = archive.ar; name = libpng.a; path = "../../external-deps/libpng/lib/ios/armv7/libpng.a"; sourceTree = "<group>"; };
		4284B8FC16ADA7DF00FB52B4 /* libgameplay.a */ = {isa = PBXFileReference; lastKnownFileType = archive.ar; name = libgameplay.a; path = "../../../../Library/Developer/Xcode/DerivedData/gameplay-exiunaubxxjndaapmcqkaoeboiob/Build/Products/Debug/libgameplay.a"; sourceTree = "<group>"; };
		4284B8FE16ADA7F400FB52B4 /* libgameplay.a */ = {isa = PBXFileReference; lastKnownFileType = archive.ar; name = libgameplay.a; path = "../../../../Library/Developer/Xcode/DerivedData/gameplay-exiunaubxxjndaapmcqkaoeboiob/Build/Products/Debug-iphoneos/libgameplay.a"; sourceTree = "<group>"; };
		42B7025F15B0A8D5002BB8C3 /* liblua.a */ = {isa = PBXFileReference; lastKnownFileType = archive.ar; name = liblua.a; path = "../../external-deps/lua/lib/macosx/liblua.a"; sourceTree = "<group>"; };
		42B7026E15B0B202002BB8C3 /* game.config */ = {isa = PBXFileReference; fileEncoding = 4; lastKnownFileType = text; path = game.config; sourceTree = "<group>"; };
		42C932E31491A18F0098216A /* sample-spaceship-macosx.plist */ = {isa = PBXFileReference; fileEncoding = 4; lastKnownFileType = text.plist.xml; path = "sample-spaceship-macosx.plist"; sourceTree = "<group>"; };
		42CCD516146EBF3600353661 /* sample-spaceship-macosx.app */ = {isa = PBXFileReference; explicitFileType = wrapper.application; includeInIndex = 0; path = "sample-spaceship-macosx.app"; sourceTree = BUILT_PRODUCTS_DIR; };
		42CCD51A146EBF3600353661 /* Cocoa.framework */ = {isa = PBXFileReference; lastKnownFileType = wrapper.framework; name = Cocoa.framework; path = System/Library/Frameworks/Cocoa.framework; sourceTree = SDKROOT; };
		42CCD547146EC0AE00353661 /* SpaceshipGame.cpp */ = {isa = PBXFileReference; fileEncoding = 4; lastKnownFileType = sourcecode.cpp.cpp; name = SpaceshipGame.cpp; path = src/SpaceshipGame.cpp; sourceTree = SOURCE_ROOT; };
		42CCD548146EC0AE00353661 /* SpaceshipGame.h */ = {isa = PBXFileReference; fileEncoding = 4; lastKnownFileType = sourcecode.c.h; name = SpaceshipGame.h; path = src/SpaceshipGame.h; sourceTree = SOURCE_ROOT; };
		42CCD54A146EC10200353661 /* QuartzCore.framework */ = {isa = PBXFileReference; lastKnownFileType = wrapper.framework; name = QuartzCore.framework; path = System/Library/Frameworks/QuartzCore.framework; sourceTree = SDKROOT; };
		42CCD54C146EC10E00353661 /* OpenAL.framework */ = {isa = PBXFileReference; lastKnownFileType = wrapper.framework; name = OpenAL.framework; path = System/Library/Frameworks/OpenAL.framework; sourceTree = SDKROOT; };
		42CCD54E146EC11600353661 /* OpenGL.framework */ = {isa = PBXFileReference; lastKnownFileType = wrapper.framework; name = OpenGL.framework; path = System/Library/Frameworks/OpenGL.framework; sourceTree = SDKROOT; };
		42CCD557146EC22900353661 /* libz.dylib */ = {isa = PBXFileReference; lastKnownFileType = "compiled.mach-o.dylib"; name = libz.dylib; path = usr/lib/libz.dylib; sourceTree = SDKROOT; };
		42CCD559146EC23C00353661 /* libpng.a */ = {isa = PBXFileReference; lastKnownFileType = archive.ar; name = libpng.a; path = "../../external-deps/libpng/lib/macosx/libpng.a"; sourceTree = "<group>"; };
		42CCD55D146EC24F00353661 /* icon.png */ = {isa = PBXFileReference; lastKnownFileType = image.png; path = icon.png; sourceTree = "<group>"; };
		42CCD55F146EC27A00353661 /* res */ = {isa = PBXFileReference; lastKnownFileType = folder; path = res; sourceTree = "<group>"; };
		42CD0EEE147D932B0000361E /* libbullet.a */ = {isa = PBXFileReference; lastKnownFileType = archive.ar; name = libbullet.a; path = "../../external-deps/bullet/lib/macosx/libbullet.a"; sourceTree = "<group>"; };
		42CD0EEF147D932B0000361E /* libogg.a */ = {isa = PBXFileReference; lastKnownFileType = archive.ar; name = libogg.a; path = "../../external-deps/oggvorbis/lib/macosx/libogg.a"; sourceTree = "<group>"; };
		42CD0EF0147D932B0000361E /* libvorbis.a */ = {isa = PBXFileReference; lastKnownFileType = archive.ar; name = libvorbis.a; path = "../../external-deps/oggvorbis/lib/macosx/libvorbis.a"; sourceTree = "<group>"; };
		42CD0EF1147D932B0000361E /* libvorbisenc.a */ = {isa = PBXFileReference; lastKnownFileType = archive.ar; name = libvorbisenc.a; path = "../../external-deps/oggvorbis/lib/macosx/libvorbisenc.a"; sourceTree = "<group>"; };
		42CD0EF2147D932B0000361E /* libvorbisfile.a */ = {isa = PBXFileReference; lastKnownFileType = archive.ar; name = libvorbisfile.a; path = "../../external-deps/oggvorbis/lib/macosx/libvorbisfile.a"; sourceTree = "<group>"; };
		42DFAAC316AD89B80000F342 /* CoreMotion.framework */ = {isa = PBXFileReference; lastKnownFileType = wrapper.framework; name = CoreMotion.framework; path = Platforms/iPhoneOS.platform/Developer/SDKs/iPhoneOS6.0.sdk/System/Library/Frameworks/CoreMotion.framework; sourceTree = DEVELOPER_DIR; };
		42DFAAD916AD8AD00000F342 /* Foundation.framework */ = {isa = PBXFileReference; lastKnownFileType = wrapper.framework; name = Foundation.framework; path = Platforms/iPhoneOS.platform/Developer/SDKs/iPhoneOS6.0.sdk/System/Library/Frameworks/Foundation.framework; sourceTree = DEVELOPER_DIR; };
		42DFAB0316AD8B840000F342 /* OpenAL.framework */ = {isa = PBXFileReference; lastKnownFileType = wrapper.framework; name = OpenAL.framework; path = Platforms/iPhoneOS.platform/Developer/SDKs/iPhoneOS6.0.sdk/System/Library/Frameworks/OpenAL.framework; sourceTree = DEVELOPER_DIR; };
		42DFAB0416AD8B840000F342 /* OpenGLES.framework */ = {isa = PBXFileReference; lastKnownFileType = wrapper.framework; name = OpenGLES.framework; path = Platforms/iPhoneOS.platform/Developer/SDKs/iPhoneOS6.0.sdk/System/Library/Frameworks/OpenGLES.framework; sourceTree = DEVELOPER_DIR; };
		42DFAB0516AD8B840000F342 /* QuartzCore.framework */ = {isa = PBXFileReference; lastKnownFileType = wrapper.framework; name = QuartzCore.framework; path = Platforms/iPhoneOS.platform/Developer/SDKs/iPhoneOS6.0.sdk/System/Library/Frameworks/QuartzCore.framework; sourceTree = DEVELOPER_DIR; };
		42DFAB0616AD8B840000F342 /* UIKit.framework */ = {isa = PBXFileReference; lastKnownFileType = wrapper.framework; name = UIKit.framework; path = Platforms/iPhoneOS.platform/Developer/SDKs/iPhoneOS6.0.sdk/System/Library/Frameworks/UIKit.framework; sourceTree = DEVELOPER_DIR; };
		42DFAB2F16AD8CA20000F342 /* libz.dylib */ = {isa = PBXFileReference; lastKnownFileType = "compiled.mach-o.dylib"; name = libz.dylib; path = Platforms/iPhoneOS.platform/Developer/SDKs/iPhoneOS6.0.sdk/usr/lib/libz.dylib; sourceTree = DEVELOPER_DIR; };
		42DFAB4716AD8E540000F342 /* libbullet.a */ = {isa = PBXFileReference; lastKnownFileType = archive.ar; name = libbullet.a; path = "../../external-deps/bullet/lib/ios/armv7/libbullet.a"; sourceTree = "<group>"; };
		42DFAB8216AD8FE90000F342 /* libogg.a */ = {isa = PBXFileReference; lastKnownFileType = archive.ar; name = libogg.a; path = "../../external-deps/oggvorbis/lib/ios/armv7/libogg.a"; sourceTree = "<group>"; };
		42DFAB8316AD8FE90000F342 /* libvorbis.a */ = {isa = PBXFileReference; lastKnownFileType = archive.ar; name = libvorbis.a; path = "../../external-deps/oggvorbis/lib/ios/armv7/libvorbis.a"; sourceTree = "<group>"; };
		42DFAB8416AD8FE90000F342 /* libvorbisenc.a */ = {isa = PBXFileReference; lastKnownFileType = archive.ar; name = libvorbisenc.a; path = "../../external-deps/oggvorbis/lib/ios/armv7/libvorbisenc.a"; sourceTree = "<group>"; };
		42DFAB8516AD8FE90000F342 /* libvorbisfile.a */ = {isa = PBXFileReference; lastKnownFileType = archive.ar; name = libvorbisfile.a; path = "../../external-deps/oggvorbis/lib/ios/armv7/libvorbisfile.a"; sourceTree = "<group>"; };
		5B43D1B414C35A0E008A5D9D /* sample-spaceship-ios.app */ = {isa = PBXFileReference; explicitFileType = wrapper.application; includeInIndex = 0; path = "sample-spaceship-ios.app"; sourceTree = BUILT_PRODUCTS_DIR; };
		F1F6195C16A7205B00C4FEA1 /* liblua.a */ = {isa = PBXFileReference; lastKnownFileType = archive.ar; name = liblua.a; path = "../../external-deps/lua/lib/ios/armv7/liblua.a"; sourceTree = "<group>"; };
/* End PBXFileReference section */

/* Begin PBXFrameworksBuildPhase section */
		42CCD513146EBF3600353661 /* Frameworks */ = {
			isa = PBXFrameworksBuildPhase;
			buildActionMask = 2147483647;
			files = (
				4284B8FD16ADA7DF00FB52B4 /* libgameplay.a in Frameworks */,
				42CD0EF3147D932B0000361E /* libbullet.a in Frameworks */,
				42CD0EF4147D932B0000361E /* libogg.a in Frameworks */,
				42CD0EF5147D932B0000361E /* libvorbis.a in Frameworks */,
				42CD0EF6147D932B0000361E /* libvorbisenc.a in Frameworks */,
				42CD0EF7147D932B0000361E /* libvorbisfile.a in Frameworks */,
				42CCD55A146EC23C00353661 /* libpng.a in Frameworks */,
				42CCD558146EC22900353661 /* libz.dylib in Frameworks */,
				42B7026015B0A8D5002BB8C3 /* liblua.a in Frameworks */,
				424CC035161FCB5B00577827 /* IOKit.framework in Frameworks */,
				42CCD51B146EBF3600353661 /* Cocoa.framework in Frameworks */,
				42CCD54B146EC10200353661 /* QuartzCore.framework in Frameworks */,
				42CCD54F146EC11600353661 /* OpenGL.framework in Frameworks */,
				42CCD54D146EC10E00353661 /* OpenAL.framework in Frameworks */,
			);
			runOnlyForDeploymentPostprocessing = 0;
		};
		5B43D1A014C35A0E008A5D9D /* Frameworks */ = {
			isa = PBXFrameworksBuildPhase;
			buildActionMask = 2147483647;
			files = (
				4284B8FF16ADA7F400FB52B4 /* libgameplay.a in Frameworks */,
				4284B8FB16ADA7C900FB52B4 /* libbullet.a in Frameworks */,
				4284B90016ADA80700FB52B4 /* liblua.a in Frameworks */,
				4284B8FA16ADA7BF00FB52B4 /* libpng.a in Frameworks */,
				4284B90116ADA80E00FB52B4 /* libogg.a in Frameworks */,
				4284B90216ADA81100FB52B4 /* libvorbis.a in Frameworks */,
				4284B90316ADA81500FB52B4 /* libvorbisenc.a in Frameworks */,
				4284B90416ADA81800FB52B4 /* libvorbisfile.a in Frameworks */,
				4284B90516ADA81B00FB52B4 /* libz.dylib in Frameworks */,
				4284B90616ADA88600FB52B4 /* CoreMotion.framework in Frameworks */,
				42DFAADA16AD8AD00000F342 /* Foundation.framework in Frameworks */,
				42DFAB0716AD8B840000F342 /* OpenAL.framework in Frameworks */,
				42DFAB0816AD8B840000F342 /* OpenGLES.framework in Frameworks */,
				42DFAB0916AD8B840000F342 /* QuartzCore.framework in Frameworks */,
				42DFAB0A16AD8B840000F342 /* UIKit.framework in Frameworks */,
			);
			runOnlyForDeploymentPostprocessing = 0;
		};
/* End PBXFrameworksBuildPhase section */

/* Begin PBXGroup section */
		427D4F4A147DC9770076760E /* Libraries */ = {
			isa = PBXGroup;
			children = (
				42DFAB2E16AD8C8C0000F342 /* MacOSX */,
				42DFAB2D16AD8C7F0000F342 /* iOS */,
			);
			name = Libraries;
			sourceTree = "<group>";
		};
		42CCD50B146EBF3600353661 = {
			isa = PBXGroup;
			children = (
				4284B8F516ADA63500FB52B4 /* Default-568h@2x.png */,
				42B7026E15B0B202002BB8C3 /* game.config */,
				42458CBA14C3AB4D00EFFB61 /* sample-spaceship-ios.plist */,
				42C932E31491A18F0098216A /* sample-spaceship-macosx.plist */,
				42CCD55D146EC24F00353661 /* icon.png */,
				42CCD55F146EC27A00353661 /* res */,
				42CCD520146EBF3600353661 /* src */,
				427D4F4A147DC9770076760E /* Libraries */,
				42CCD519146EBF3600353661 /* Frameworks */,
				42CCD517146EBF3600353661 /* Products */,
			);
			sourceTree = "<group>";
		};
		42CCD517146EBF3600353661 /* Products */ = {
			isa = PBXGroup;
			children = (
				42CCD516146EBF3600353661 /* sample-spaceship-macosx.app */,
				5B43D1B414C35A0E008A5D9D /* sample-spaceship-ios.app */,
			);
			name = Products;
			sourceTree = "<group>";
		};
		42CCD519146EBF3600353661 /* Frameworks */ = {
			isa = PBXGroup;
			children = (
				5B43D1BA14C35A81008A5D9D /* MacOSX */,
				5B43D1B914C35A7A008A5D9D /* iOS */,
			);
			name = Frameworks;
			sourceTree = "<group>";
		};
		42CCD520146EBF3600353661 /* src */ = {
			isa = PBXGroup;
			children = (
				42CCD547146EC0AE00353661 /* SpaceshipGame.cpp */,
				42CCD548146EC0AE00353661 /* SpaceshipGame.h */,
			);
			name = src;
			path = "sample-spaceship";
			sourceTree = "<group>";
		};
		42DFAB2D16AD8C7F0000F342 /* iOS */ = {
			isa = PBXGroup;
			children = (
				4284B8FE16ADA7F400FB52B4 /* libgameplay.a */,
				42DFAB4716AD8E540000F342 /* libbullet.a */,
				F1F6195C16A7205B00C4FEA1 /* liblua.a */,
				4284B8F916ADA7BF00FB52B4 /* libpng.a */,
				42DFAB8216AD8FE90000F342 /* libogg.a */,
				42DFAB8316AD8FE90000F342 /* libvorbis.a */,
				42DFAB8416AD8FE90000F342 /* libvorbisenc.a */,
				42DFAB8516AD8FE90000F342 /* libvorbisfile.a */,
				42DFAB2F16AD8CA20000F342 /* libz.dylib */,
			);
			name = iOS;
			sourceTree = "<group>";
		};
		42DFAB2E16AD8C8C0000F342 /* MacOSX */ = {
			isa = PBXGroup;
			children = (
				4284B8FC16ADA7DF00FB52B4 /* libgameplay.a */,
				42CD0EEE147D932B0000361E /* libbullet.a */,
				42B7025F15B0A8D5002BB8C3 /* liblua.a */,
				42CD0EEF147D932B0000361E /* libogg.a */,
				42CD0EF0147D932B0000361E /* libvorbis.a */,
				42CD0EF1147D932B0000361E /* libvorbisenc.a */,
				42CD0EF2147D932B0000361E /* libvorbisfile.a */,
				42CCD559146EC23C00353661 /* libpng.a */,
				42CCD557146EC22900353661 /* libz.dylib */,
			);
			name = MacOSX;
			sourceTree = "<group>";
		};
		5B43D1B914C35A7A008A5D9D /* iOS */ = {
			isa = PBXGroup;
			children = (
				42DFAAC316AD89B80000F342 /* CoreMotion.framework */,
				42DFAAD916AD8AD00000F342 /* Foundation.framework */,
				42DFAB0316AD8B840000F342 /* OpenAL.framework */,
				42DFAB0416AD8B840000F342 /* OpenGLES.framework */,
				42DFAB0516AD8B840000F342 /* QuartzCore.framework */,
				42DFAB0616AD8B840000F342 /* UIKit.framework */,
			);
			name = iOS;
			sourceTree = "<group>";
		};
		5B43D1BA14C35A81008A5D9D /* MacOSX */ = {
			isa = PBXGroup;
			children = (
				424CC034161FCB5B00577827 /* IOKit.framework */,
				42CCD51A146EBF3600353661 /* Cocoa.framework */,
				42CCD54A146EC10200353661 /* QuartzCore.framework */,
				42CCD54E146EC11600353661 /* OpenGL.framework */,
				42CCD54C146EC10E00353661 /* OpenAL.framework */,
			);
			name = MacOSX;
			sourceTree = "<group>";
		};
/* End PBXGroup section */

/* Begin PBXNativeTarget section */
		42CCD515146EBF3600353661 /* sample-spaceship-macosx */ = {
			isa = PBXNativeTarget;
			buildConfigurationList = 42CCD534146EBF3600353661 /* Build configuration list for PBXNativeTarget "sample-spaceship-macosx" */;
			buildPhases = (
				42CCD512146EBF3600353661 /* Sources */,
				42CCD513146EBF3600353661 /* Frameworks */,
				4224466C14716A9E0021F131 /* ShellScript */,
				42CCD514146EBF3600353661 /* Resources */,
			);
			buildRules = (
			);
			dependencies = (
			);
			name = "sample-spaceship-macosx";
			productName = "sample-spaceship";
			productReference = 42CCD516146EBF3600353661 /* sample-spaceship-macosx.app */;
			productType = "com.apple.product-type.application";
		};
		5B43D19D14C35A0E008A5D9D /* sample-spaceship-ios */ = {
			isa = PBXNativeTarget;
			buildConfigurationList = 5B43D1B114C35A0E008A5D9D /* Build configuration list for PBXNativeTarget "sample-spaceship-ios" */;
			buildPhases = (
				5B43D19E14C35A0E008A5D9D /* Sources */,
				5B43D1A014C35A0E008A5D9D /* Frameworks */,
				5B43D1AD14C35A0E008A5D9D /* ShellScript */,
				5B43D1AE14C35A0E008A5D9D /* Resources */,
			);
			buildRules = (
			);
			dependencies = (
			);
			name = "sample-spaceship-ios";
			productName = "sample-spaceship";
			productReference = 5B43D1B414C35A0E008A5D9D /* sample-spaceship-ios.app */;
			productType = "com.apple.product-type.application";
		};
/* End PBXNativeTarget section */

/* Begin PBXProject section */
		42CCD50D146EBF3600353661 /* Project object */ = {
			isa = PBXProject;
			attributes = {
				LastUpgradeCheck = 0460;
			};
			buildConfigurationList = 42CCD510146EBF3600353661 /* Build configuration list for PBXProject "sample-spaceship" */;
			compatibilityVersion = "Xcode 3.2";
			developmentRegion = English;
			hasScannedForEncodings = 0;
			knownRegions = (
				en,
			);
			mainGroup = 42CCD50B146EBF3600353661;
			productRefGroup = 42CCD517146EBF3600353661 /* Products */;
			projectDirPath = "";
			projectRoot = "";
			targets = (
				42CCD515146EBF3600353661 /* sample-spaceship-macosx */,
				5B43D19D14C35A0E008A5D9D /* sample-spaceship-ios */,
			);
		};
/* End PBXProject section */

/* Begin PBXResourcesBuildPhase section */
		42CCD514146EBF3600353661 /* Resources */ = {
			isa = PBXResourcesBuildPhase;
			buildActionMask = 2147483647;
			files = (
				42CCD55E146EC24F00353661 /* icon.png in Resources */,
				42B7026F15B0B202002BB8C3 /* game.config in Resources */,
				42CCD560146EC27A00353661 /* res in Resources */,
			);
			runOnlyForDeploymentPostprocessing = 0;
		};
		5B43D1AE14C35A0E008A5D9D /* Resources */ = {
			isa = PBXResourcesBuildPhase;
			buildActionMask = 2147483647;
			files = (
				5B43D1AF14C35A0E008A5D9D /* icon.png in Resources */,
				42B7027015B0B202002BB8C3 /* game.config in Resources */,
				5B43D1B014C35A0E008A5D9D /* res in Resources */,
				4284B8F616ADA63500FB52B4 /* Default-568h@2x.png in Resources */,
			);
			runOnlyForDeploymentPostprocessing = 0;
		};
/* End PBXResourcesBuildPhase section */

/* Begin PBXShellScriptBuildPhase section */
		4224466C14716A9E0021F131 /* ShellScript */ = {
			isa = PBXShellScriptBuildPhase;
			buildActionMask = 2147483647;
			files = (
			);
			inputPaths = (
			);
			outputPaths = (
			);
			runOnlyForDeploymentPostprocessing = 0;
			shellPath = /bin/sh;
			shellScript = "cp -rf ${SRCROOT}/../../gameplay/res/logo_powered_white.png ${SRCROOT}/res\ncp -rf ${SRCROOT}/../../gameplay/res/shaders ${SRCROOT}/res\ntouch -cm ${SRCROOT}/res";
		};
		5B43D1AD14C35A0E008A5D9D /* ShellScript */ = {
			isa = PBXShellScriptBuildPhase;
			buildActionMask = 2147483647;
			files = (
			);
			inputPaths = (
			);
			outputPaths = (
			);
			runOnlyForDeploymentPostprocessing = 0;
			shellPath = /bin/sh;
			shellScript = "cp -rf ${SRCROOT}/../../gameplay/res/logo_powered_white.png ${SRCROOT}/res\ncp -rf ${SRCROOT}/../../gameplay/res/shaders ${SRCROOT}/res\ntouch -cm ${SRCROOT}/res";
		};
/* End PBXShellScriptBuildPhase section */

/* Begin PBXSourcesBuildPhase section */
		42CCD512146EBF3600353661 /* Sources */ = {
			isa = PBXSourcesBuildPhase;
			buildActionMask = 2147483647;
			files = (
				42CCD549146EC0AE00353661 /* SpaceshipGame.cpp in Sources */,
			);
			runOnlyForDeploymentPostprocessing = 0;
		};
		5B43D19E14C35A0E008A5D9D /* Sources */ = {
			isa = PBXSourcesBuildPhase;
			buildActionMask = 2147483647;
			files = (
				5B43D19F14C35A0E008A5D9D /* SpaceshipGame.cpp in Sources */,
			);
			runOnlyForDeploymentPostprocessing = 0;
		};
/* End PBXSourcesBuildPhase section */

/* Begin XCBuildConfiguration section */
		42CCD532146EBF3600353661 /* Debug */ = {
			isa = XCBuildConfiguration;
			buildSettings = {
				ALWAYS_SEARCH_USER_PATHS = NO;
				ARCHS = "$(ARCHS_STANDARD_32_BIT)";
				COPY_PHASE_STRIP = NO;
				GCC_C_LANGUAGE_STANDARD = gnu99;
				GCC_DYNAMIC_NO_PIC = NO;
				GCC_ENABLE_OBJC_EXCEPTIONS = YES;
				GCC_OPTIMIZATION_LEVEL = 0;
				GCC_PREPROCESSOR_DEFINITIONS = (
					"DEBUG=1",
					"$(inherited)",
				);
				GCC_SYMBOLS_PRIVATE_EXTERN = NO;
				GCC_VERSION = com.apple.compilers.llvm.clang.1_0;
				GCC_WARN_64_TO_32_BIT_CONVERSION = YES;
				GCC_WARN_ABOUT_MISSING_PROTOTYPES = YES;
				GCC_WARN_ABOUT_RETURN_TYPE = YES;
				GCC_WARN_UNUSED_VARIABLE = YES;
				MACOSX_DEPLOYMENT_TARGET = 10.7;
				ONLY_ACTIVE_ARCH = YES;
				SDKROOT = macosx;
				VALID_ARCHS = "armv7 armv7s i386 x86_64";
			};
			name = Debug;
		};
		42CCD533146EBF3600353661 /* Release */ = {
			isa = XCBuildConfiguration;
			buildSettings = {
				ALWAYS_SEARCH_USER_PATHS = NO;
				ARCHS = "$(ARCHS_STANDARD_32_BIT)";
				COPY_PHASE_STRIP = YES;
				DEBUG_INFORMATION_FORMAT = "dwarf-with-dsym";
				GCC_C_LANGUAGE_STANDARD = gnu99;
				GCC_ENABLE_OBJC_EXCEPTIONS = YES;
				GCC_VERSION = com.apple.compilers.llvm.clang.1_0;
				GCC_WARN_64_TO_32_BIT_CONVERSION = YES;
				GCC_WARN_ABOUT_MISSING_PROTOTYPES = YES;
				GCC_WARN_ABOUT_RETURN_TYPE = YES;
				GCC_WARN_UNUSED_VARIABLE = YES;
				MACOSX_DEPLOYMENT_TARGET = 10.7;
				SDKROOT = macosx;
				VALID_ARCHS = "armv7 armv7s i386 x86_64";
			};
			name = Release;
		};
		42CCD535146EBF3600353661 /* Debug */ = {
			isa = XCBuildConfiguration;
			buildSettings = {
				ARCHS = "$(ARCHS_STANDARD_32_BIT)";
				COMBINE_HIDPI_IMAGES = YES;
				GCC_PRECOMPILE_PREFIX_HEADER = NO;
				GCC_PREFIX_HEADER = "";
				GCC_WARN_64_TO_32_BIT_CONVERSION = NO;
				GCC_WARN_ABOUT_MISSING_PROTOTYPES = "";
				GCC_WARN_UNUSED_VARIABLE = NO;
				HEADER_SEARCH_PATHS = (
					../../gameplay/src,
					"../../external-deps/bullet/include",
					"../../external-deps/lua/include",
					"../../external-deps/libpng/include",
					"../../external-deps/oggvorbis/include",
				);
				INFOPLIST_FILE = "sample-spaceship-macosx.plist";
				LIBRARY_SEARCH_PATHS = (
					"$(inherited)",
					"\"../../external-deps/bullet/lib/macosx\"",
					"\"../../external-deps/lua/lib/macosx\"",
					"\"../../external-deps/libpng/lib/macosx\"",
					"\"../../external-deps/oggvorbis/lib/macosx\"",
					"\"~/Library/Developer/Xcode/DerivedData/gameplay-exiunaubxxjndaapmcqkaoeboiob/Build/Products/Debug\"",
				);
				PRECOMPS_INCLUDE_HEADERS_FROM_BUILT_PRODUCTS_DIR = NO;
				PRODUCT_NAME = "$(TARGET_NAME)";
				VALID_ARCHS = "i386 x86_64";
				WRAPPER_EXTENSION = app;
			};
			name = Debug;
		};
		42CCD536146EBF3600353661 /* Release */ = {
			isa = XCBuildConfiguration;
			buildSettings = {
				ARCHS = "$(ARCHS_STANDARD_32_BIT)";
				COMBINE_HIDPI_IMAGES = YES;
				GCC_PRECOMPILE_PREFIX_HEADER = NO;
				GCC_PREFIX_HEADER = "";
				GCC_WARN_64_TO_32_BIT_CONVERSION = NO;
				GCC_WARN_ABOUT_MISSING_PROTOTYPES = "";
				GCC_WARN_UNUSED_VARIABLE = NO;
				HEADER_SEARCH_PATHS = (
					../../gameplay/src,
					"../../external-deps/bullet/include",
					"../../external-deps/lua/include",
					"../../external-deps/libpng/include",
					"../../external-deps/oggvorbis/include",
				);
				INFOPLIST_FILE = "sample-spaceship-macosx.plist";
				LIBRARY_SEARCH_PATHS = (
					"$(inherited)",
					"\"../../external-deps/bullet/lib/macosx\"",
					"\"../../external-deps/lua/lib/macosx\"",
					"\"../../external-deps/libpng/lib/macosx\"",
					"\"../../external-deps/oggvorbis/lib/macosx\"",
					"\"~/Library/Developer/Xcode/DerivedData/gameplay-exiunaubxxjndaapmcqkaoeboiob/Build/Products/Debug\"",
				);
				PRECOMPS_INCLUDE_HEADERS_FROM_BUILT_PRODUCTS_DIR = NO;
				PRODUCT_NAME = "$(TARGET_NAME)";
				VALID_ARCHS = "i386 x86_64";
				WRAPPER_EXTENSION = app;
			};
			name = Release;
		};
		5B43D1B214C35A0E008A5D9D /* Debug */ = {
			isa = XCBuildConfiguration;
			buildSettings = {
				ARCHS = "$(ARCHS_STANDARD_32_BIT)";
				CODE_SIGN_IDENTITY = "iPhone Developer";
				GCC_PRECOMPILE_PREFIX_HEADER = NO;
				GCC_PREFIX_HEADER = "";
				GCC_WARN_64_TO_32_BIT_CONVERSION = NO;
				GCC_WARN_ABOUT_MISSING_PROTOTYPES = "";
				GCC_WARN_UNUSED_VARIABLE = NO;
				HEADER_SEARCH_PATHS = (
					../../gameplay/src,
					"../../external-deps/bullet/include",
					"../../external-deps/lua/include",
					"../../external-deps/libpng/include",
					"../../external-deps/oggvorbis/include",
				);
				INFOPLIST_FILE = "sample-spaceship-ios.plist";
				IPHONEOS_DEPLOYMENT_TARGET = 6.0;
				LIBRARY_SEARCH_PATHS = (
					"$(inherited)",
					"\"../../external-deps/bullet/lib/ios/$(CURRENT_ARCH)\"",
					"\"../../external-deps/lua/lib/ios/$(CURRENT_ARCH)\"",
					"\"../../external-deps/libpng/lib/ios/$(CURRENT_ARCH)\"",
					"\"../../external-deps/oggvorbis/lib/ios/$(CURRENT_ARCH)\"",
					"\"~/Library/Developer/Xcode/DerivedData/gameplay-exiunaubxxjndaapmcqkaoeboiob/Build/Products/Debug-iphoneos\"",
				);
				PRECOMPS_INCLUDE_HEADERS_FROM_BUILT_PRODUCTS_DIR = NO;
				PRODUCT_NAME = "$(TARGET_NAME)";
				PROVISIONING_PROFILE = "";
				SDKROOT = iphoneos;
				TARGETED_DEVICE_FAMILY = "1,2";
				VALID_ARCHS = "armv7 armv7s";
				WRAPPER_EXTENSION = app;
			};
			name = Debug;
		};
		5B43D1B314C35A0E008A5D9D /* Release */ = {
			isa = XCBuildConfiguration;
			buildSettings = {
				ARCHS = "$(ARCHS_STANDARD_32_BIT)";
				CODE_SIGN_IDENTITY = "iPhone Developer";
				GCC_PRECOMPILE_PREFIX_HEADER = NO;
				GCC_PREFIX_HEADER = "";
				GCC_WARN_64_TO_32_BIT_CONVERSION = NO;
				GCC_WARN_ABOUT_MISSING_PROTOTYPES = "";
				GCC_WARN_UNUSED_VARIABLE = NO;
				HEADER_SEARCH_PATHS = (
					../../gameplay/src,
					"../../external-deps/bullet/include",
					"../../external-deps/lua/include",
					"../../external-deps/libpng/include",
					"../../external-deps/oggvorbis/include",
				);
				INFOPLIST_FILE = "sample-spaceship-ios.plist";
				IPHONEOS_DEPLOYMENT_TARGET = 6.0;
				LIBRARY_SEARCH_PATHS = (
					"$(inherited)",
					"\"../../external-deps/bullet/lib/ios/$(CURRENT_ARCH)\"",
					"\"../../external-deps/lua/lib/ios/$(CURRENT_ARCH)\"",
					"\"../../external-deps/libpng/lib/ios/$(CURRENT_ARCH)\"",
					"\"../../external-deps/oggvorbis/lib/ios/$(CURRENT_ARCH)\"",
					"\"~/Library/Developer/Xcode/DerivedData/gameplay-exiunaubxxjndaapmcqkaoeboiob/Build/Products/Debug-iphoneos\"",
				);
				PRECOMPS_INCLUDE_HEADERS_FROM_BUILT_PRODUCTS_DIR = NO;
				PRODUCT_NAME = "$(TARGET_NAME)";
				PROVISIONING_PROFILE = "";
				SDKROOT = iphoneos;
				TARGETED_DEVICE_FAMILY = "1,2";
				VALID_ARCHS = "armv7 armv7s";
				WRAPPER_EXTENSION = app;
			};
			name = Release;
		};
/* End XCBuildConfiguration section */

/* Begin XCConfigurationList section */
		42CCD510146EBF3600353661 /* Build configuration list for PBXProject "sample-spaceship" */ = {
			isa = XCConfigurationList;
			buildConfigurations = (
				42CCD532146EBF3600353661 /* Debug */,
				42CCD533146EBF3600353661 /* Release */,
			);
			defaultConfigurationIsVisible = 0;
			defaultConfigurationName = Release;
		};
		42CCD534146EBF3600353661 /* Build configuration list for PBXNativeTarget "sample-spaceship-macosx" */ = {
			isa = XCConfigurationList;
			buildConfigurations = (
				42CCD535146EBF3600353661 /* Debug */,
				42CCD536146EBF3600353661 /* Release */,
			);
			defaultConfigurationIsVisible = 0;
			defaultConfigurationName = Release;
		};
		5B43D1B114C35A0E008A5D9D /* Build configuration list for PBXNativeTarget "sample-spaceship-ios" */ = {
			isa = XCConfigurationList;
			buildConfigurations = (
				5B43D1B214C35A0E008A5D9D /* Debug */,
				5B43D1B314C35A0E008A5D9D /* Release */,
			);
			defaultConfigurationIsVisible = 0;
			defaultConfigurationName = Release;
		};
/* End XCConfigurationList section */
	};
	rootObject = 42CCD50D146EBF3600353661 /* Project object */;
}
