// !$*UTF8*$!
{
	archiveVersion = 1;
	classes = {
	};
	objectVersion = 46;
	objects = {

/* Begin PBXBuildFile section */
		42049B5816ADBB61005DD1F9 /* CoreMotion.framework in Frameworks */ = {isa = PBXBuildFile; fileRef = 42049B5216ADBB61005DD1F9 /* CoreMotion.framework */; };
		42049B5916ADBB61005DD1F9 /* Foundation.framework in Frameworks */ = {isa = PBXBuildFile; fileRef = 42049B5316ADBB61005DD1F9 /* Foundation.framework */; };
		42049B5A16ADBB61005DD1F9 /* OpenAL.framework in Frameworks */ = {isa = PBXBuildFile; fileRef = 42049B5416ADBB61005DD1F9 /* OpenAL.framework */; };
		42049B5B16ADBB61005DD1F9 /* OpenGLES.framework in Frameworks */ = {isa = PBXBuildFile; fileRef = 42049B5516ADBB61005DD1F9 /* OpenGLES.framework */; };
		42049B5C16ADBB61005DD1F9 /* QuartzCore.framework in Frameworks */ = {isa = PBXBuildFile; fileRef = 42049B5616ADBB61005DD1F9 /* QuartzCore.framework */; };
		42049B5D16ADBB61005DD1F9 /* UIKit.framework in Frameworks */ = {isa = PBXBuildFile; fileRef = 42049B5716ADBB61005DD1F9 /* UIKit.framework */; };
		42049B5F16ADBBF5005DD1F9 /* libz.dylib in Frameworks */ = {isa = PBXBuildFile; fileRef = 42049B5E16ADBBF5005DD1F9 /* libz.dylib */; };
		42049B6116ADBC0F005DD1F9 /* libbullet.a in Frameworks */ = {isa = PBXBuildFile; fileRef = 42049B6016ADBC0F005DD1F9 /* libbullet.a */; };
		42049B6316ADBC30005DD1F9 /* libbullet.a in Frameworks */ = {isa = PBXBuildFile; fileRef = 42049B6216ADBC30005DD1F9 /* libbullet.a */; };
		42049B6516ADBC47005DD1F9 /* liblua.a in Frameworks */ = {isa = PBXBuildFile; fileRef = 42049B6416ADBC47005DD1F9 /* liblua.a */; };
		42049B6A16ADBC63005DD1F9 /* libogg.a in Frameworks */ = {isa = PBXBuildFile; fileRef = 42049B6616ADBC63005DD1F9 /* libogg.a */; };
		42049B6B16ADBC63005DD1F9 /* libvorbis.a in Frameworks */ = {isa = PBXBuildFile; fileRef = 42049B6716ADBC63005DD1F9 /* libvorbis.a */; };
		42049B6C16ADBC63005DD1F9 /* libvorbisenc.a in Frameworks */ = {isa = PBXBuildFile; fileRef = 42049B6816ADBC63005DD1F9 /* libvorbisenc.a */; };
		42049B6D16ADBC63005DD1F9 /* libvorbisfile.a in Frameworks */ = {isa = PBXBuildFile; fileRef = 42049B6916ADBC63005DD1F9 /* libvorbisfile.a */; };
		42049B6F16ADBC7A005DD1F9 /* libpng.a in Frameworks */ = {isa = PBXBuildFile; fileRef = 42049B6E16ADBC7A005DD1F9 /* libpng.a */; };
		42049B7116ADBC8B005DD1F9 /* libpng.a in Frameworks */ = {isa = PBXBuildFile; fileRef = 42049B7016ADBC8B005DD1F9 /* libpng.a */; };
		42049B7316ADBCAB005DD1F9 /* liblua.a in Frameworks */ = {isa = PBXBuildFile; fileRef = 42049B7216ADBCAB005DD1F9 /* liblua.a */; };
		42049B7816ADBCC3005DD1F9 /* libogg.a in Frameworks */ = {isa = PBXBuildFile; fileRef = 42049B7416ADBCC3005DD1F9 /* libogg.a */; };
		42049B7916ADBCC3005DD1F9 /* libvorbis.a in Frameworks */ = {isa = PBXBuildFile; fileRef = 42049B7516ADBCC3005DD1F9 /* libvorbis.a */; };
		42049B7A16ADBCC3005DD1F9 /* libvorbisenc.a in Frameworks */ = {isa = PBXBuildFile; fileRef = 42049B7616ADBCC3005DD1F9 /* libvorbisenc.a */; };
		42049B7B16ADBCC3005DD1F9 /* libvorbisfile.a in Frameworks */ = {isa = PBXBuildFile; fileRef = 42049B7716ADBCC3005DD1F9 /* libvorbisfile.a */; };
		42049B7D16ADBCDB005DD1F9 /* Default-568h@2x.png in Resources */ = {isa = PBXBuildFile; fileRef = 42049B7C16ADBCDB005DD1F9 /* Default-568h@2x.png */; };
		421539CA16ADC583001308A3 /* libgameplay.a in Frameworks */ = {isa = PBXBuildFile; fileRef = 421539C916ADC583001308A3 /* libgameplay.a */; };
		421539CD16ADC592001308A3 /* libgameplay.a in Frameworks */ = {isa = PBXBuildFile; fileRef = 421539CC16ADC592001308A3 /* libgameplay.a */; };
		424CC03C161FCBDD00577827 /* IOKit.framework in Frameworks */ = {isa = PBXBuildFile; fileRef = 424CC03B161FCBDD00577827 /* IOKit.framework */; };
		428F7BDE15CB131A009ED24C /* game.config in Resources */ = {isa = PBXBuildFile; fileRef = 428F7BDD15CB131A009ED24C /* game.config */; };
		42C932C11491A0DB0098216A /* Cocoa.framework in Frameworks */ = {isa = PBXBuildFile; fileRef = 42C932C01491A0DB0098216A /* Cocoa.framework */; };
		42C932EE1491A4CB0098216A /* icon.png in Resources */ = {isa = PBXBuildFile; fileRef = 42C932ED1491A4CB0098216A /* icon.png */; };
		42C932F11491A5160098216A /* TemplateGame.cpp in Sources */ = {isa = PBXBuildFile; fileRef = 42C932EF1491A5160098216A /* TemplateGame.cpp */; };
		42C932F31491A53E0098216A /* res in Resources */ = {isa = PBXBuildFile; fileRef = 42C932F21491A53E0098216A /* res */; };
		42C933171491A5EB0098216A /* OpenGL.framework in Frameworks */ = {isa = PBXBuildFile; fileRef = 42C933161491A5EB0098216A /* OpenGL.framework */; };
		42C9331D1491A6750098216A /* QuartzCore.framework in Frameworks */ = {isa = PBXBuildFile; fileRef = 42C9331C1491A6750098216A /* QuartzCore.framework */; };
		42C9331F1491A67F0098216A /* OpenAL.framework in Frameworks */ = {isa = PBXBuildFile; fileRef = 42C9331E1491A67F0098216A /* OpenAL.framework */; };
		42C9332F1491A78D0098216A /* libz.dylib in Frameworks */ = {isa = PBXBuildFile; fileRef = 42C9332D1491A7810098216A /* libz.dylib */; };
		5B61611614CCC24C0073B857 /* TemplateGame.cpp in Sources */ = {isa = PBXBuildFile; fileRef = 42C932EF1491A5160098216A /* TemplateGame.cpp */; };
		5B61612614CCC24C0073B857 /* icon.png in Resources */ = {isa = PBXBuildFile; fileRef = 42C932ED1491A4CB0098216A /* icon.png */; };
		5B61612714CCC24C0073B857 /* res in Resources */ = {isa = PBXBuildFile; fileRef = 42C932F21491A53E0098216A /* res */; };
/* End PBXBuildFile section */

/* Begin PBXFileReference section */
		42049B5216ADBB61005DD1F9 /* CoreMotion.framework */ = {isa = PBXFileReference; lastKnownFileType = wrapper.framework; name = CoreMotion.framework; path = Platforms/iPhoneOS.platform/Developer/SDKs/iPhoneOS6.0.sdk/System/Library/Frameworks/CoreMotion.framework; sourceTree = DEVELOPER_DIR; };
		42049B5316ADBB61005DD1F9 /* Foundation.framework */ = {isa = PBXFileReference; lastKnownFileType = wrapper.framework; name = Foundation.framework; path = Platforms/iPhoneOS.platform/Developer/SDKs/iPhoneOS6.0.sdk/System/Library/Frameworks/Foundation.framework; sourceTree = DEVELOPER_DIR; };
		42049B5416ADBB61005DD1F9 /* OpenAL.framework */ = {isa = PBXFileReference; lastKnownFileType = wrapper.framework; name = OpenAL.framework; path = Platforms/iPhoneOS.platform/Developer/SDKs/iPhoneOS6.0.sdk/System/Library/Frameworks/OpenAL.framework; sourceTree = DEVELOPER_DIR; };
		42049B5516ADBB61005DD1F9 /* OpenGLES.framework */ = {isa = PBXFileReference; lastKnownFileType = wrapper.framework; name = OpenGLES.framework; path = Platforms/iPhoneOS.platform/Developer/SDKs/iPhoneOS6.0.sdk/System/Library/Frameworks/OpenGLES.framework; sourceTree = DEVELOPER_DIR; };
		42049B5616ADBB61005DD1F9 /* QuartzCore.framework */ = {isa = PBXFileReference; lastKnownFileType = wrapper.framework; name = QuartzCore.framework; path = Platforms/iPhoneOS.platform/Developer/SDKs/iPhoneOS6.0.sdk/System/Library/Frameworks/QuartzCore.framework; sourceTree = DEVELOPER_DIR; };
		42049B5716ADBB61005DD1F9 /* UIKit.framework */ = {isa = PBXFileReference; lastKnownFileType = wrapper.framework; name = UIKit.framework; path = Platforms/iPhoneOS.platform/Developer/SDKs/iPhoneOS6.0.sdk/System/Library/Frameworks/UIKit.framework; sourceTree = DEVELOPER_DIR; };
		42049B5E16ADBBF5005DD1F9 /* libz.dylib */ = {isa = PBXFileReference; lastKnownFileType = "compiled.mach-o.dylib"; name = libz.dylib; path = Platforms/iPhoneOS.platform/Developer/SDKs/iPhoneOS6.0.sdk/usr/lib/libz.dylib; sourceTree = DEVELOPER_DIR; };
		42049B6016ADBC0F005DD1F9 /* libbullet.a */ = {isa = PBXFileReference; lastKnownFileType = archive.ar; name = libbullet.a; path = "GAMEPLAY_PATH/external-deps/bullet/lib/ios/armv7/libbullet.a"; sourceTree = "<group>"; };
		42049B6216ADBC30005DD1F9 /* libbullet.a */ = {isa = PBXFileReference; lastKnownFileType = archive.ar; name = libbullet.a; path = "GAMEPLAY_PATH/external-deps/bullet/lib/macosx/libbullet.a"; sourceTree = "<group>"; };
		42049B6416ADBC47005DD1F9 /* liblua.a */ = {isa = PBXFileReference; lastKnownFileType = archive.ar; name = liblua.a; path = "GAMEPLAY_PATH/external-deps/lua/lib/macosx/liblua.a"; sourceTree = "<group>"; };
		42049B6616ADBC63005DD1F9 /* libogg.a */ = {isa = PBXFileReference; lastKnownFileType = archive.ar; name = libogg.a; path = "GAMEPLAY_PATH/external-deps/oggvorbis/lib/macosx/libogg.a"; sourceTree = "<group>"; };
		42049B6716ADBC63005DD1F9 /* libvorbis.a */ = {isa = PBXFileReference; lastKnownFileType = archive.ar; name = libvorbis.a; path = "GAMEPLAY_PATH/external-deps/oggvorbis/lib/macosx/libvorbis.a"; sourceTree = "<group>"; };
		42049B6816ADBC63005DD1F9 /* libvorbisenc.a */ = {isa = PBXFileReference; lastKnownFileType = archive.ar; name = libvorbisenc.a; path = "GAMEPLAY_PATH/external-deps/oggvorbis/lib/macosx/libvorbisenc.a"; sourceTree = "<group>"; };
		42049B6916ADBC63005DD1F9 /* libvorbisfile.a */ = {isa = PBXFileReference; lastKnownFileType = archive.ar; name = libvorbisfile.a; path = "GAMEPLAY_PATH/external-deps/oggvorbis/lib/macosx/libvorbisfile.a"; sourceTree = "<group>"; };
		42049B6E16ADBC7A005DD1F9 /* libpng.a */ = {isa = PBXFileReference; lastKnownFileType = archive.ar; name = libpng.a; path = "GAMEPLAY_PATH/external-deps/libpng/lib/macosx/libpng.a"; sourceTree = "<group>"; };
		42049B7016ADBC8B005DD1F9 /* libpng.a */ = {isa = PBXFileReference; lastKnownFileType = archive.ar; name = libpng.a; path = "GAMEPLAY_PATH/external-deps/libpng/lib/ios/armv7/libpng.a"; sourceTree = "<group>"; };
		42049B7216ADBCAB005DD1F9 /* liblua.a */ = {isa = PBXFileReference; lastKnownFileType = archive.ar; name = liblua.a; path = "GAMEPLAY_PATH/external-deps/lua/lib/ios/armv7/liblua.a"; sourceTree = "<group>"; };
		42049B7416ADBCC3005DD1F9 /* libogg.a */ = {isa = PBXFileReference; lastKnownFileType = archive.ar; name = libogg.a; path = "GAMEPLAY_PATH/external-deps/oggvorbis/lib/ios/armv7/libogg.a"; sourceTree = "<group>"; };
		42049B7516ADBCC3005DD1F9 /* libvorbis.a */ = {isa = PBXFileReference; lastKnownFileType = archive.ar; name = libvorbis.a; path = "GAMEPLAY_PATH/external-deps/oggvorbis/lib/ios/armv7/libvorbis.a"; sourceTree = "<group>"; };
		42049B7616ADBCC3005DD1F9 /* libvorbisenc.a */ = {isa = PBXFileReference; lastKnownFileType = archive.ar; name = libvorbisenc.a; path = "GAMEPLAY_PATH/external-deps/oggvorbis/lib/ios/armv7/libvorbisenc.a"; sourceTree = "<group>"; };
		42049B7716ADBCC3005DD1F9 /* libvorbisfile.a */ = {isa = PBXFileReference; lastKnownFileType = archive.ar; name = libvorbisfile.a; path = "GAMEPLAY_PATH/external-deps/oggvorbis/lib/ios/armv7/libvorbisfile.a"; sourceTree = "<group>"; };
		42049B7C16ADBCDB005DD1F9 /* Default-568h@2x.png */ = {isa = PBXFileReference; lastKnownFileType = image.png; path = "Default-568h@2x.png"; sourceTree = "<group>"; };
		421539C916ADC583001308A3 /* libgameplay.a */ = {isa = PBXFileReference; lastKnownFileType = archive.ar; name = libgameplay.a; path = "~/Library/Developer/Xcode/DerivedData/gameplay-exiunaubxxjndaapmcqkaoeboiob/Build/Products/Debug/libgameplay.a"; sourceTree = "<group>"; };
		421539CC16ADC592001308A3 /* libgameplay.a */ = {isa = PBXFileReference; lastKnownFileType = archive.ar; name = libgameplay.a; path = "~/Library/Developer/Xcode/DerivedData/gameplay-exiunaubxxjndaapmcqkaoeboiob/Build/Products/Debug-iphoneos/libgameplay.a"; sourceTree = "<group>"; };
		424CC03B161FCBDD00577827 /* IOKit.framework */ = {isa = PBXFileReference; lastKnownFileType = wrapper.framework; name = IOKit.framework; path = System/Library/Frameworks/IOKit.framework; sourceTree = SDKROOT; };
		428F7BDD15CB131A009ED24C /* game.config */ = {isa = PBXFileReference; fileEncoding = 4; lastKnownFileType = text; path = game.config; sourceTree = "<group>"; };
		42C932BC1491A0DB0098216A /* TEMPLATE_PROJECT-macosx.app */ = {isa = PBXFileReference; explicitFileType = wrapper.application; includeInIndex = 0; path = "TEMPLATE_PROJECT-macosx.app"; sourceTree = BUILT_PRODUCTS_DIR; };
		42C932C01491A0DB0098216A /* Cocoa.framework */ = {isa = PBXFileReference; lastKnownFileType = wrapper.framework; name = Cocoa.framework; path = System/Library/Frameworks/Cocoa.framework; sourceTree = SDKROOT; };
		42C932ED1491A4CB0098216A /* icon.png */ = {isa = PBXFileReference; lastKnownFileType = image.png; path = icon.png; sourceTree = "<group>"; };
		42C932EF1491A5160098216A /* TemplateGame.cpp */ = {isa = PBXFileReference; fileEncoding = 4; lastKnownFileType = sourcecode.cpp.cpp; name = TemplateGame.cpp; path = src/TemplateGame.cpp; sourceTree = SOURCE_ROOT; };
		42C932F01491A5160098216A /* TemplateGame.h */ = {isa = PBXFileReference; fileEncoding = 4; lastKnownFileType = sourcecode.c.h; name = TemplateGame.h; path = src/TemplateGame.h; sourceTree = SOURCE_ROOT; };
		42C932F21491A53E0098216A /* res */ = {isa = PBXFileReference; lastKnownFileType = folder; path = res; sourceTree = "<group>"; };
		42C933161491A5EB0098216A /* OpenGL.framework */ = {isa = PBXFileReference; lastKnownFileType = wrapper.framework; name = OpenGL.framework; path = System/Library/Frameworks/OpenGL.framework; sourceTree = SDKROOT; };
		42C9331C1491A6750098216A /* QuartzCore.framework */ = {isa = PBXFileReference; lastKnownFileType = wrapper.framework; name = QuartzCore.framework; path = System/Library/Frameworks/QuartzCore.framework; sourceTree = SDKROOT; };
		42C9331E1491A67F0098216A /* OpenAL.framework */ = {isa = PBXFileReference; lastKnownFileType = wrapper.framework; name = OpenAL.framework; path = System/Library/Frameworks/OpenAL.framework; sourceTree = SDKROOT; };
		42C9332D1491A7810098216A /* libz.dylib */ = {isa = PBXFileReference; lastKnownFileType = "compiled.mach-o.dylib"; name = libz.dylib; path = usr/lib/libz.dylib; sourceTree = SDKROOT; };
		5B61611214CCC2200073B857 /* TEMPLATE_PROJECT-macosx.plist */ = {isa = PBXFileReference; fileEncoding = 4; lastKnownFileType = text.plist.xml; path = "TEMPLATE_PROJECT-macosx.plist"; sourceTree = "<group>"; };
		5B61612C14CCC24C0073B857 /* TEMPLATE_PROJECT-ios.app */ = {isa = PBXFileReference; explicitFileType = wrapper.application; includeInIndex = 0; path = "TEMPLATE_PROJECT-ios.app"; sourceTree = BUILT_PRODUCTS_DIR; };
		5B61612E14CCC24D0073B857 /* TEMPLATE_PROJECT-ios.plist */ = {isa = PBXFileReference; lastKnownFileType = text.plist.xml; path = "TEMPLATE_PROJECT-ios.plist"; sourceTree = "<group>"; };
		5BC4E77F150F879E00CBE1C0 /* gameplay.xcodeproj */ = {isa = PBXFileReference; lastKnownFileType = "wrapper.pb-project"; name = gameplay.xcodeproj; path = GAMEPLAY_PATH/gameplay/gameplay.xcodeproj; sourceTree = SOURCE_ROOT; };
		5BC4E849150F911D00CBE1C0 /* shaders */ = {isa = PBXFileReference; lastKnownFileType = text; name = shaders; path = GAMEPLAY_PATH/gameplay/res/shaders; sourceTree = SOURCE_ROOT; };
/* End PBXFileReference section */

/* Begin PBXFrameworksBuildPhase section */
		42C932B91491A0DB0098216A /* Frameworks */ = {
			isa = PBXFrameworksBuildPhase;
			buildActionMask = 2147483647;
			files = (
				421539CA16ADC583001308A3 /* libgameplay.a in Frameworks */,
				42049B6316ADBC30005DD1F9 /* libbullet.a in Frameworks */,
				42049B6516ADBC47005DD1F9 /* liblua.a in Frameworks */,
				42049B6F16ADBC7A005DD1F9 /* libpng.a in Frameworks */,
				42049B6A16ADBC63005DD1F9 /* libogg.a in Frameworks */,
				42049B6B16ADBC63005DD1F9 /* libvorbis.a in Frameworks */,
				42049B6C16ADBC63005DD1F9 /* libvorbisenc.a in Frameworks */,
				42049B6D16ADBC63005DD1F9 /* libvorbisfile.a in Frameworks */,
				42C9332F1491A78D0098216A /* libz.dylib in Frameworks */,
				424CC03C161FCBDD00577827 /* IOKit.framework in Frameworks */,
				42C932C11491A0DB0098216A /* Cocoa.framework in Frameworks */,
				42C9331D1491A6750098216A /* QuartzCore.framework in Frameworks */,
				42C933171491A5EB0098216A /* OpenGL.framework in Frameworks */,
				42C9331F1491A67F0098216A /* OpenAL.framework in Frameworks */,
			);
			runOnlyForDeploymentPostprocessing = 0;
		};
		5B61611714CCC24C0073B857 /* Frameworks */ = {
			isa = PBXFrameworksBuildPhase;
			buildActionMask = 2147483647;
			files = (
				421539CD16ADC592001308A3 /* libgameplay.a in Frameworks */,
				42049B6116ADBC0F005DD1F9 /* libbullet.a in Frameworks */,
				42049B7316ADBCAB005DD1F9 /* liblua.a in Frameworks */,
				42049B7116ADBC8B005DD1F9 /* libpng.a in Frameworks */,
				42049B7816ADBCC3005DD1F9 /* libogg.a in Frameworks */,
				42049B7916ADBCC3005DD1F9 /* libvorbis.a in Frameworks */,
				42049B7A16ADBCC3005DD1F9 /* libvorbisenc.a in Frameworks */,
				42049B7B16ADBCC3005DD1F9 /* libvorbisfile.a in Frameworks */,
				42049B5F16ADBBF5005DD1F9 /* libz.dylib in Frameworks */,
				42049B5816ADBB61005DD1F9 /* CoreMotion.framework in Frameworks */,
				42049B5916ADBB61005DD1F9 /* Foundation.framework in Frameworks */,
				42049B5A16ADBB61005DD1F9 /* OpenAL.framework in Frameworks */,
				42049B5B16ADBB61005DD1F9 /* OpenGLES.framework in Frameworks */,
				42049B5C16ADBB61005DD1F9 /* QuartzCore.framework in Frameworks */,
				42049B5D16ADBB61005DD1F9 /* UIKit.framework in Frameworks */,
			);
			runOnlyForDeploymentPostprocessing = 0;
		};
/* End PBXFrameworksBuildPhase section */

/* Begin PBXGroup section */
		42C932B11491A0DB0098216A = {
			isa = PBXGroup;
			children = (
				42049B7C16ADBCDB005DD1F9 /* Default-568h@2x.png */,
				5B61611214CCC2200073B857 /* TEMPLATE_PROJECT-macosx.plist */,
				5B61612E14CCC24D0073B857 /* TEMPLATE_PROJECT-ios.plist */,
				42C932ED1491A4CB0098216A /* icon.png */,
				428F7BDD15CB131A009ED24C /* game.config */,
				42C932F21491A53E0098216A /* res */,
				42C932C61491A0DB0098216A /* src */,
				42C932DD1491A1050098216A /* Libraries */,
				42C932BF1491A0DB0098216A /* Frameworks */,
				42C932BD1491A0DB0098216A /* Products */,
			);
			sourceTree = "<group>";
		};
		42C932BD1491A0DB0098216A /* Products */ = {
			isa = PBXGroup;
			children = (
				42C932BC1491A0DB0098216A /* TEMPLATE_PROJECT-macosx.app */,
				5B61612C14CCC24C0073B857 /* TEMPLATE_PROJECT-ios.app */,
			);
			name = Products;
			sourceTree = "<group>";
		};
		42C932BF1491A0DB0098216A /* Frameworks */ = {
			isa = PBXGroup;
			children = (
				5B61613A14CCC3590073B857 /* MacOSX */,
				5B61613914CCC3560073B857 /* iOS */,
			);
			name = Frameworks;
			sourceTree = "<group>";
		};
		42C932C61491A0DB0098216A /* src */ = {
			isa = PBXGroup;
			children = (
				42C932EF1491A5160098216A /* TemplateGame.cpp */,
				42C932F01491A5160098216A /* TemplateGame.h */,
			);
			path = src;
			sourceTree = "<group>";
		};
		42C932DD1491A1050098216A /* Libraries */ = {
			isa = PBXGroup;
			children = (
				5BC4E825150F8CE600CBE1C0 /* GamePlay */,
				F1F49B8516AD8C22008715A2 /* MacOSX */,
				F1F49B8716AD8C30008715A2 /* iOS */,
			);
			name = Libraries;
			sourceTree = "<group>";
		};
		5B61613914CCC3560073B857 /* iOS */ = {
			isa = PBXGroup;
			children = (
				42049B5216ADBB61005DD1F9 /* CoreMotion.framework */,
				42049B5316ADBB61005DD1F9 /* Foundation.framework */,
				42049B5416ADBB61005DD1F9 /* OpenAL.framework */,
				42049B5516ADBB61005DD1F9 /* OpenGLES.framework */,
				42049B5616ADBB61005DD1F9 /* QuartzCore.framework */,
				42049B5716ADBB61005DD1F9 /* UIKit.framework */,
			);
			name = iOS;
			sourceTree = "<group>";
		};
		5B61613A14CCC3590073B857 /* MacOSX */ = {
			isa = PBXGroup;
			children = (
				424CC03B161FCBDD00577827 /* IOKit.framework */,
				42C932C01491A0DB0098216A /* Cocoa.framework */,
				42C9331C1491A6750098216A /* QuartzCore.framework */,
				42C933161491A5EB0098216A /* OpenGL.framework */,
				42C9331E1491A67F0098216A /* OpenAL.framework */,
			);
			name = MacOSX;
			sourceTree = "<group>";
		};
		5BC4E825150F8CE600CBE1C0 /* GamePlay */ = {
			isa = PBXGroup;
			children = (
				5BC4E77F150F879E00CBE1C0 /* gameplay.xcodeproj */,
				5BC4E849150F911D00CBE1C0 /* shaders */,
			);
			name = GamePlay;
			sourceTree = "<group>";
		};
		F1F49B8516AD8C22008715A2 /* MacOSX */ = {
			isa = PBXGroup;
			children = (
				421539C916ADC583001308A3 /* libgameplay.a */,
				42049B6216ADBC30005DD1F9 /* libbullet.a */,
				42049B6416ADBC47005DD1F9 /* liblua.a */,
				42049B6616ADBC63005DD1F9 /* libogg.a */,
				42049B6716ADBC63005DD1F9 /* libvorbis.a */,
				42049B6816ADBC63005DD1F9 /* libvorbisenc.a */,
				42049B6916ADBC63005DD1F9 /* libvorbisfile.a */,
				42049B6E16ADBC7A005DD1F9 /* libpng.a */,
				42C9332D1491A7810098216A /* libz.dylib */,
			);
			name = MacOSX;
			sourceTree = "<group>";
		};
		F1F49B8716AD8C30008715A2 /* iOS */ = {
			isa = PBXGroup;
			children = (
				421539CC16ADC592001308A3 /* libgameplay.a */,
				42049B6016ADBC0F005DD1F9 /* libbullet.a */,
				42049B7216ADBCAB005DD1F9 /* liblua.a */,
				42049B7016ADBC8B005DD1F9 /* libpng.a */,
				42049B7416ADBCC3005DD1F9 /* libogg.a */,
				42049B7516ADBCC3005DD1F9 /* libvorbis.a */,
				42049B7616ADBCC3005DD1F9 /* libvorbisenc.a */,
				42049B7716ADBCC3005DD1F9 /* libvorbisfile.a */,
				42049B5E16ADBBF5005DD1F9 /* libz.dylib */,
			);
			name = iOS;
			sourceTree = "<group>";
		};
/* End PBXGroup section */

/* Begin PBXNativeTarget section */
		42C932BB1491A0DB0098216A /* TEMPLATE_PROJECT-macosx */ = {
			isa = PBXNativeTarget;
			buildConfigurationList = 42C932DA1491A0DB0098216A /* Build configuration list for PBXNativeTarget "TEMPLATE_PROJECT-macosx" */;
			buildPhases = (
				42C932B81491A0DB0098216A /* Sources */,
				42C932B91491A0DB0098216A /* Frameworks */,
				42C933301491A7B50098216A /* ShellScript */,
				42C932BA1491A0DB0098216A /* Resources */,
			);
			buildRules = (
			);
			dependencies = (
			);
			name = "TEMPLATE_PROJECT-macosx";
			productName = TEMPLATE_PROJECT;
			productReference = 42C932BC1491A0DB0098216A /* TEMPLATE_PROJECT-macosx.app */;
			productType = "com.apple.product-type.application";
		};
		5B61611414CCC24C0073B857 /* TEMPLATE_PROJECT-ios */ = {
			isa = PBXNativeTarget;
			buildConfigurationList = 5B61612914CCC24C0073B857 /* Build configuration list for PBXNativeTarget "TEMPLATE_PROJECT-ios" */;
			buildPhases = (
				5B61611514CCC24C0073B857 /* Sources */,
				5B61611714CCC24C0073B857 /* Frameworks */,
				5B61612414CCC24C0073B857 /* ShellScript */,
				5B61612514CCC24C0073B857 /* Resources */,
			);
			buildRules = (
			);
			dependencies = (
			);
			name = "TEMPLATE_PROJECT-ios";
			productName = TEMPLATE_PROJECT;
			productReference = 5B61612C14CCC24C0073B857 /* TEMPLATE_PROJECT-ios.app */;
			productType = "com.apple.product-type.application";
		};
/* End PBXNativeTarget section */

/* Begin PBXProject section */
		42C932B31491A0DB0098216A /* Project object */ = {
			isa = PBXProject;
			attributes = {
				LastUpgradeCheck = 0450;
			};
			buildConfigurationList = 42C932B61491A0DB0098216A /* Build configuration list for PBXProject "template" */;
			compatibilityVersion = "Xcode 3.2";
			developmentRegion = English;
			hasScannedForEncodings = 0;
			knownRegions = (
				en,
			);
			mainGroup = 42C932B11491A0DB0098216A;
			productRefGroup = 42C932BD1491A0DB0098216A /* Products */;
			projectDirPath = "";
			projectRoot = "";
			targets = (
				42C932BB1491A0DB0098216A /* TEMPLATE_PROJECT-macosx */,
				5B61611414CCC24C0073B857 /* TEMPLATE_PROJECT-ios */,
			);
		};
/* End PBXProject section */

/* Begin PBXResourcesBuildPhase section */
		42C932BA1491A0DB0098216A /* Resources */ = {
			isa = PBXResourcesBuildPhase;
			buildActionMask = 2147483647;
			files = (
				42C932EE1491A4CB0098216A /* icon.png in Resources */,
				428F7BDE15CB131A009ED24C /* game.config in Resources */,
				42C932F31491A53E0098216A /* res in Resources */,
			);
			runOnlyForDeploymentPostprocessing = 0;
		};
		5B61612514CCC24C0073B857 /* Resources */ = {
			isa = PBXResourcesBuildPhase;
			buildActionMask = 2147483647;
			files = (
				5B61612614CCC24C0073B857 /* icon.png in Resources */,
				5B61612714CCC24C0073B857 /* res in Resources */,
				42049B7D16ADBCDB005DD1F9 /* Default-568h@2x.png in Resources */,
			);
			runOnlyForDeploymentPostprocessing = 0;
		};
/* End PBXResourcesBuildPhase section */

/* Begin PBXShellScriptBuildPhase section */
		42C933301491A7B50098216A /* ShellScript */ = {
			isa = PBXShellScriptBuildPhase;
			buildActionMask = 2147483647;
			files = (
			);
			inputPaths = (
			);
			outputPaths = (
			);
			runOnlyForDeploymentPostprocessing = 0;
			shellPath = /bin/sh;
			shellScript = "cp -rf GAMEPLAY_PATH/gameplay/res/shaders ${SRCROOT}/res\ncp -rf GAMEPLAY_PATH/gameplay/res/logo_powered_white.png ${SRCROOT}/res\ntouch -cm ${SRCROOT}/res";
		};
		5B61612414CCC24C0073B857 /* ShellScript */ = {
			isa = PBXShellScriptBuildPhase;
			buildActionMask = 2147483647;
			files = (
			);
			inputPaths = (
			);
			outputPaths = (
			);
			runOnlyForDeploymentPostprocessing = 0;
			shellPath = /bin/sh;
			shellScript = "cp -rf GAMEPLAY_PATH/gameplay/res/shaders ${SRCROOT}/res\ncp -rf GAMEPLAY_PATH/gameplay/res/logo_powered_white.png ${SRCROOT}/res\ntouch -cm ${SRCROOT}/res";
		};
/* End PBXShellScriptBuildPhase section */

/* Begin PBXSourcesBuildPhase section */
		42C932B81491A0DB0098216A /* Sources */ = {
			isa = PBXSourcesBuildPhase;
			buildActionMask = 2147483647;
			files = (
				42C932F11491A5160098216A /* TemplateGame.cpp in Sources */,
			);
			runOnlyForDeploymentPostprocessing = 0;
		};
		5B61611514CCC24C0073B857 /* Sources */ = {
			isa = PBXSourcesBuildPhase;
			buildActionMask = 2147483647;
			files = (
				5B61611614CCC24C0073B857 /* TemplateGame.cpp in Sources */,
			);
			runOnlyForDeploymentPostprocessing = 0;
		};
/* End PBXSourcesBuildPhase section */

/* Begin XCBuildConfiguration section */
		42C932D81491A0DB0098216A /* Debug */ = {
			isa = XCBuildConfiguration;
			buildSettings = {
				ALWAYS_SEARCH_USER_PATHS = NO;
				ARCHS = "$(ARCHS_STANDARD_32_BIT)";
				COPY_PHASE_STRIP = NO;
				GCC_C_LANGUAGE_STANDARD = gnu99;
				GCC_DYNAMIC_NO_PIC = NO;
				GCC_ENABLE_OBJC_EXCEPTIONS = YES;
				GCC_OPTIMIZATION_LEVEL = 0;
				GCC_PREPROCESSOR_DEFINITIONS = (
					"DEBUG=1",
					"$(inherited)",
				);
				GCC_SYMBOLS_PRIVATE_EXTERN = NO;
				GCC_VERSION = com.apple.compilers.llvm.clang.1_0;
				GCC_WARN_64_TO_32_BIT_CONVERSION = YES;
				GCC_WARN_ABOUT_MISSING_PROTOTYPES = YES;
				GCC_WARN_ABOUT_RETURN_TYPE = YES;
				GCC_WARN_UNUSED_VARIABLE = YES;
				GENERATE_PKGINFO_FILE = YES;
				INFOPLIST_FILE = "TEMPLATE_PROJECT-macosx.plist";
				MACOSX_DEPLOYMENT_TARGET = 10.7;
				ONLY_ACTIVE_ARCH = YES;
				PRODUCT_NAME = "$(TARGET_NAME)";
				SDKROOT = macosx;
				VALID_ARCHS = "armv7 armv7s i386 x86_64";
			};
			name = Debug;
		};
		42C932D91491A0DB0098216A /* Release */ = {
			isa = XCBuildConfiguration;
			buildSettings = {
				ALWAYS_SEARCH_USER_PATHS = NO;
				ARCHS = "$(ARCHS_STANDARD_32_BIT)";
				COPY_PHASE_STRIP = YES;
				DEBUG_INFORMATION_FORMAT = "dwarf-with-dsym";
				GCC_C_LANGUAGE_STANDARD = gnu99;
				GCC_ENABLE_OBJC_EXCEPTIONS = YES;
				GCC_VERSION = com.apple.compilers.llvm.clang.1_0;
				GCC_WARN_64_TO_32_BIT_CONVERSION = YES;
				GCC_WARN_ABOUT_MISSING_PROTOTYPES = YES;
				GCC_WARN_ABOUT_RETURN_TYPE = YES;
				GCC_WARN_UNUSED_VARIABLE = YES;
				GENERATE_PKGINFO_FILE = YES;
				INFOPLIST_FILE = "TEMPLATE_PROJECT-macosx.plist";
				MACOSX_DEPLOYMENT_TARGET = 10.7;
				PRODUCT_NAME = "$(TARGET_NAME)";
				SDKROOT = macosx;
				VALID_ARCHS = "armv7 armv7s i386 x86_64";
			};
			name = Release;
		};
		42C932DB1491A0DB0098216A /* Debug */ = {
			isa = XCBuildConfiguration;
			buildSettings = {
				ARCHS = "$(ARCHS_STANDARD_32_BIT)";
				COMBINE_HIDPI_IMAGES = YES;
				GCC_PRECOMPILE_PREFIX_HEADER = NO;
				GCC_WARN_64_TO_32_BIT_CONVERSION = NO;
				GCC_WARN_UNUSED_VARIABLE = NO;
				HEADER_SEARCH_PATHS = (
					GAMEPLAY_PATH/gameplay/src,
					"GAMEPLAY_PATH/external-deps/bullet/include",
					"GAMEPLAY_PATH/external-deps/lua/include",
					"GAMEPLAY_PATH/external-deps/libpng/include",
					"GAMEPLAY_PATH/external-deps/oggvorbis/include",
				);
				INFOPLIST_FILE = "TEMPLATE_PROJECT-macosx.plist";
				LIBRARY_SEARCH_PATHS = (
					"$(inherited)",
					"\"GAMEPLAY_PATH/external-deps/bullet/lib/macosx\"",
					"\"GAMEPLAY_PATH/external-deps/lua/lib/macosx\"",
					"\"GAMEPLAY_PATH/external-deps/libpng/lib/macosx\"",
					"\"GAMEPLAY_PATH/external-deps/oggvorbis/lib/macosx\"",
					"\"~/Library/Developer/Xcode/DerivedData/gameplay-exiunaubxxjndaapmcqkaoeboiob/Build/Products/Debug\"",
				);
				PRODUCT_NAME = "$(TARGET_NAME)";
				USER_HEADER_SEARCH_PATHS = "";
				VALID_ARCHS = "i386 x86_64";
				WRAPPER_EXTENSION = app;
			};
			name = Debug;
		};
		42C932DC1491A0DB0098216A /* Release */ = {
			isa = XCBuildConfiguration;
			buildSettings = {
				ARCHS = "$(ARCHS_STANDARD_32_BIT)";
				COMBINE_HIDPI_IMAGES = YES;
				GCC_PRECOMPILE_PREFIX_HEADER = NO;
				GCC_WARN_64_TO_32_BIT_CONVERSION = NO;
				GCC_WARN_UNUSED_VARIABLE = NO;
				HEADER_SEARCH_PATHS = (
					GAMEPLAY_PATH/gameplay/src,
					"GAMEPLAY_PATH/external-deps/bullet/include",
					"GAMEPLAY_PATH/external-deps/lua/include",
					"GAMEPLAY_PATH/external-deps/libpng/include",
					"GAMEPLAY_PATH/external-deps/oggvorbis/include",
				);
				INFOPLIST_FILE = "TEMPLATE_PROJECT-macosx.plist";
				LIBRARY_SEARCH_PATHS = (
					"$(inherited)",
					"\"GAMEPLAY_PATH/external-deps/bullet/lib/macosx\"",
					"\"GAMEPLAY_PATH/external-deps/lua/lib/macosx\"",
					"\"GAMEPLAY_PATH/external-deps/libpng/lib/macosx\"",
					"\"GAMEPLAY_PATH/external-deps/oggvorbis/lib/macosx\"",
					"\"~/Library/Developer/Xcode/DerivedData/gameplay-exiunaubxxjndaapmcqkaoeboiob/Build/Products/Debug\"",
				);
				PRODUCT_NAME = "$(TARGET_NAME)";
				USER_HEADER_SEARCH_PATHS = "";
				VALID_ARCHS = "i386 x86_64";
				WRAPPER_EXTENSION = app;
			};
			name = Release;
		};
		5B61612A14CCC24C0073B857 /* Debug */ = {
			isa = XCBuildConfiguration;
			buildSettings = {
				ARCHS = "$(ARCHS_STANDARD_32_BIT)";
				CODE_SIGN_IDENTITY = "iPhone Developer";
				GCC_PRECOMPILE_PREFIX_HEADER = NO;
				GCC_WARN_64_TO_32_BIT_CONVERSION = NO;
				GCC_WARN_UNUSED_VARIABLE = NO;
				HEADER_SEARCH_PATHS = (
					GAMEPLAY_PATH/gameplay/src,
					"GAMEPLAY_PATH/external-deps/bullet/include",
					"GAMEPLAY_PATH/external-deps/lua/include",
					"GAMEPLAY_PATH/external-deps/libpng/include",
					"GAMEPLAY_PATH/external-deps/oggvorbis/include",
				);
				INFOPLIST_FILE = "TEMPLATE_PROJECT-ios.plist";
				IPHONEOS_DEPLOYMENT_TARGET = 6.1;
				LIBRARY_SEARCH_PATHS = (
					"$(inherited)",
					"\"GAMEPLAY_PATH/external-deps/bullet/lib/ios/$(CURRENT_ARCH)\"",
					"\"GAMEPLAY_PATH/external-deps/lua/lib/ios/$(CURRENT_ARCH)\"",
					"\"GAMEPLAY_PATH/external-deps/libpng/lib/ios/$(CURRENT_ARCH)\"",
					"\"GAMEPLAY_PATH/external-deps/oggvorbis/lib/ios/$(CURRENT_ARCH)\"",
					"\"~/Library/Developer/Xcode/DerivedData/gameplay-exiunaubxxjndaapmcqkaoeboiob/Build/Products/Debug-iphoneos\"",
				);
				SDKROOT = iphoneos;
				TARGETED_DEVICE_FAMILY = "1,2";
				USER_HEADER_SEARCH_PATHS = "";
				VALID_ARCHS = "armv7 armv7s";
				WRAPPER_EXTENSION = app;
			};
			name = Debug;
		};
		5B61612B14CCC24C0073B857 /* Release */ = {
			isa = XCBuildConfiguration;
			buildSettings = {
				ARCHS = "$(ARCHS_STANDARD_32_BIT)";
				CODE_SIGN_IDENTITY = "iPhone Developer";
				GCC_PRECOMPILE_PREFIX_HEADER = NO;
				GCC_WARN_64_TO_32_BIT_CONVERSION = NO;
				GCC_WARN_UNUSED_VARIABLE = NO;
				HEADER_SEARCH_PATHS = (
					GAMEPLAY_PATH/gameplay/src,
					"GAMEPLAY_PATH/external-deps/bullet/include",
					"GAMEPLAY_PATH/external-deps/lua/include",
					"GAMEPLAY_PATH/external-deps/libpng/include",
					"GAMEPLAY_PATH/external-deps/oggvorbis/include",
				);
				INFOPLIST_FILE = "TEMPLATE_PROJECT-ios.plist";
				IPHONEOS_DEPLOYMENT_TARGET = 6.1;
				LIBRARY_SEARCH_PATHS = (
					"$(inherited)",
					"\"GAMEPLAY_PATH/external-deps/bullet/lib/ios/$(CURRENT_ARCH)\"",
					"\"GAMEPLAY_PATH/external-deps/lua/lib/ios/$(CURRENT_ARCH)\"",
					"\"GAMEPLAY_PATH/external-deps/libpng/lib/ios/$(CURRENT_ARCH)\"",
					"\"GAMEPLAY_PATH/external-deps/oggvorbis/lib/ios/$(CURRENT_ARCH)\"",
					"\"~/Library/Developer/Xcode/DerivedData/gameplay-exiunaubxxjndaapmcqkaoeboiob/Build/Products/Debug-iphoneos\"",
				);
				SDKROOT = iphoneos;
				TARGETED_DEVICE_FAMILY = "1,2";
				USER_HEADER_SEARCH_PATHS = "";
				VALID_ARCHS = "armv7 armv7s";
				WRAPPER_EXTENSION = app;
			};
			name = Release;
		};
/* End XCBuildConfiguration section */

/* Begin XCConfigurationList section */
		42C932B61491A0DB0098216A /* Build configuration list for PBXProject "template" */ = {
			isa = XCConfigurationList;
			buildConfigurations = (
				42C932D81491A0DB0098216A /* Debug */,
				42C932D91491A0DB0098216A /* Release */,
			);
			defaultConfigurationIsVisible = 0;
			defaultConfigurationName = Release;
		};
		42C932DA1491A0DB0098216A /* Build configuration list for PBXNativeTarget "TEMPLATE_PROJECT-macosx" */ = {
			isa = XCConfigurationList;
			buildConfigurations = (
				42C932DB1491A0DB0098216A /* Debug */,
				42C932DC1491A0DB0098216A /* Release */,
			);
			defaultConfigurationIsVisible = 0;
			defaultConfigurationName = Release;
		};
		5B61612914CCC24C0073B857 /* Build configuration list for PBXNativeTarget "TEMPLATE_PROJECT-ios" */ = {
			isa = XCConfigurationList;
			buildConfigurations = (
				5B61612A14CCC24C0073B857 /* Debug */,
				5B61612B14CCC24C0073B857 /* Release */,
			);
			defaultConfigurationIsVisible = 0;
			defaultConfigurationName = Release;
		};
/* End XCConfigurationList section */
	};
	rootObject = 42C932B31491A0DB0098216A /* Project object */;
}
