<?xml version="1.0" encoding="utf-8"?>
<Project ToolsVersion="4.0" xmlns="http://schemas.microsoft.com/developer/msbuild/2003">
  <ItemGroup>
    <Filter Include="src">
      <UniqueIdentifier>{D13574C5-9904-426f-9463-B52758AD8786}</UniqueIdentifier>
    </Filter>
    <Filter Include="res">
      <UniqueIdentifier>{5A542532-0A08-4fb1-8F5A-94FB3D7CF3F7}</UniqueIdentifier>
    </Filter>
    <Filter Include="res\fonts">
      <UniqueIdentifier>{6C29C526-BC3E-42f4-9AEC-B614361A5D2B}</UniqueIdentifier>
    </Filter>
    <Filter Include="res\meshes">
      <UniqueIdentifier>{1B4C3739-77AD-4a58-B2B5-A52CD141AA28}</UniqueIdentifier>
    </Filter>
    <Filter Include="res\shaders">
      <UniqueIdentifier>{08996726-309D-445f-BA3A-C3259D5884D0}</UniqueIdentifier>
    </Filter>
    <Filter Include="res\textures">
      <UniqueIdentifier>{BDEA3639-6F1D-4531-86FD-2E734FBC0242}</UniqueIdentifier>
    </Filter>
  </ItemGroup>
  <ItemGroup>
    <None Include="icon.png" />
    <None Include="res\fonts\arial16.gpb">
      <Filter>res\fonts</Filter>
    </None>
    <None Include="res\textures\cobblestone-diffuse.png">
      <Filter>res\textures</Filter>
    </None>
    <None Include="res\textures\cobblestone-normal.png">
      <Filter>res\textures</Filter>
    </None>
    <None Include="res\textures\seymour-diffuse.png">
      <Filter>res\textures</Filter>
    </None>
    <None Include="res\shaders\skinning.fsh">
      <Filter>res\shaders</Filter>
    </None>
    <None Include="res\shaders\skinning.vsh">
      <Filter>res\shaders</Filter>
    </None>
    <None Include="res\fonts\arial.ttf">
      <Filter>res\fonts</Filter>
    </None>
    <None Include="bar-descriptor.xml" />
    <None Include="res\meshes\Seymour.dae">
      <Filter>res\meshes</Filter>
    </None>
    <None Include="res\meshes\Seymour.gpb">
      <Filter>res\meshes</Filter>
    </None>
  </ItemGroup>
  <ItemGroup>
    <ClCompile Include="src\CharacterGame.cpp">
      <Filter>src</Filter>
    </ClCompile>
  </ItemGroup>
  <ItemGroup>
    <ClInclude Include="src\CharacterGame.h">
      <Filter>src</Filter>
    </ClInclude>
  </ItemGroup>
</Project>