<?xml version="1.0" encoding="utf-8"?>
<Project ToolsVersion="4.0" xmlns="http://schemas.microsoft.com/developer/msbuild/2003">
  <ItemGroup>
    <Filter Include="src">
      <UniqueIdentifier>{79160e99-141f-41bf-8592-4e3855de5cc8}</UniqueIdentifier>
    </Filter>
    <Filter Include="res">
      <UniqueIdentifier>{529d46d5-f3a6-4e0d-94f1-80461113f474}</UniqueIdentifier>
    </Filter>
  </ItemGroup>
  <ItemGroup>
    <None Include="icon.png" />
    <None Include="bar-descriptor.xml" />
    <None Include="res\arial.ttf">
      <Filter>res</Filter>
    </None>
    <None Include="res\arial40.gpb">
      <Filter>res</Filter>
    </None>
    <None Include="res\duck.dae">
      <Filter>res</Filter>
    </None>
    <None Include="res\duck.gpb">
      <Filter>res</Filter>
    </None>
    <None Include="res\duck.material">
      <Filter>res</Filter>
    </None>
    <None Include="res\duck-diffuse.png">
      <Filter>res</Filter>
    </None>
    <None Include="..\..\..\gameplay\res\logo_powered_white.png">
      <Filter>res</Filter>
    </None>
    <None Include="res\grid.material">
      <Filter>res</Filter>
    </None>
    <None Include="game.config" />
  </ItemGroup>
  <ItemGroup>
    <ClCompile Include="src\MeshGame.cpp">
      <Filter>src</Filter>
    </ClCompile>
  </ItemGroup>
  <ItemGroup>
    <ClInclude Include="src\MeshGame.h">
      <Filter>src</Filter>
    </ClInclude>
  </ItemGroup>
</Project>